
Microsoft Visual Studio Solution File, Format Version 12.00
# Visual Studio Version 16
VisualStudioVersion = 16.0.30309.148
MinimumVisualStudioVersion = 10.0.40219.1
Project("{2150E333-8FDC-42A3-9474-1A3956D46DE8}") = "0 - Presentation", "0 - Presentation", "{1EAB2D93-F93F-4166-8E55-777D695461A6}"
EndProject
Project("{2150E333-8FDC-42A3-9474-1A3956D46DE8}") = "Mobile", "Mobile", "{3A8AF9FD-4D40-469D-90C2-79B3A1001C9C}"
EndProject
Project("{2150E333-8FDC-42A3-9474-1A3956D46DE8}") = "Web", "Web", "{A247036B-9BB9-4372-8AF7-CD2024B2F609}"
EndProject
Project("{2150E333-8FDC-42A3-9474-1A3956D46DE8}") = "App", "App", "{2D5C9216-9662-456A-8B81-B7D9B5E3B0CE}"
EndProject
Project("{2150E333-8FDC-42A3-9474-1A3956D46DE8}") = "1 - Application", "1 - Application", "{20488498-392A-4470-98F3-1D675022910B}"
EndProject
Project("{2150E333-8FDC-42A3-9474-1A3956D46DE8}") = "2 - Domain", "2 - Domain", "{EAEBC32E-C5CB-4C55-A749-E16EEE36FE7A}"
EndProject
Project("{2150E333-8FDC-42A3-9474-1A3956D46DE8}") = "3 - Infra", "3 - Infra", "{B1AEF586-0C39-441F-B600-8F47F618D9A8}"
EndProject
Project("{2150E333-8FDC-42A3-9474-1A3956D46DE8}") = "Common", "Common", "{5007DD85-B4BF-4D40-8E10-E8D8D12558DF}"
EndProject
Project("{2150E333-8FDC-42A3-9474-1A3956D46DE8}") = "Microservices", "Microservices", "{ECC333DB-BECE-4E29-AF6B-27B3B24644A4}"
EndProject
Project("{2150E333-8FDC-42A3-9474-1A3956D46DE8}") = "MatchMicroservice", "MatchMicroservice", "{6C38F0C7-EEEA-4734-8BA0-C8960659D284}"
EndProject
Project("{2150E333-8FDC-42A3-9474-1A3956D46DE8}") = "IamMicroservice", "IamMicroservice", "{3FD12458-3D37-48EE-A341-ABB29D41FB6F}"
EndProject
Project("{2150E333-8FDC-42A3-9474-1A3956D46DE8}") = "NotepadMicroservice", "NotepadMicroservice", "{4BFF46AA-7467-47D5-A5FB-4EB40339D13E}"
EndProject
Project("{2150E333-8FDC-42A3-9474-1A3956D46DE8}") = "PlayerMicroservice", "PlayerMicroservice", "{EE2175D2-9406-4E49-AC5D-6B7383F6C1BB}"
EndProject
Project("{2150E333-8FDC-42A3-9474-1A3956D46DE8}") = "ScoutMicroservice", "ScoutMicroservice", "{E2D387B6-4DF7-4EC0-B372-6220B8CC73F6}"
EndProject
Project("{2150E333-8FDC-42A3-9474-1A3956D46DE8}") = "TeamMicroservice", "TeamMicroservice", "{5161E359-133E-40A3-AB3B-AC6DA937B18D}"
EndProject
Project("{9A19103F-16F7-4668-BE54-9A1E7A4F7556}") = "ProbeTeam.Microservices.IamMicroservice.Admin", "ProbeTeam.Microservices.IamMicroservice.Admin\ProbeTeam.Microservices.IamMicroservice.Admin.csproj", "{17C6C6FF-5C98-4842-BA8F-5B5B1CC946CB}"
EndProject
Project("{9A19103F-16F7-4668-BE54-9A1E7A4F7556}") = "ProbeTeam.Microservices.IamMicroservice.Admin.Api", "ProbeTeam.Microservices.IamMicroservice.Admin.Api\ProbeTeam.Microservices.IamMicroservice.Admin.Api.csproj", "{6E1F77B9-F9C8-4C3E-A2BB-1F1708DFAAF3}"
EndProject
Project("{9A19103F-16F7-4668-BE54-9A1E7A4F7556}") = "ProbeTeam.Microservices.IamMicroservice.STS.Identity", "ProbeTeam.Microservices.IamMicroservice.STS.Identity\ProbeTeam.Microservices.IamMicroservice.STS.Identity.csproj", "{DE2E3704-7BA2-44A7-9849-FE60E99CFECF}"
EndProject
Project("{9A19103F-16F7-4668-BE54-9A1E7A4F7556}") = "ProbeTeam.Microservices.IamMicroservice.Admin.EntityFramework.MySql", "ProbeTeam.Microservices.IamMicroservice.Admin.EntityFramework.MySql\ProbeTeam.Microservices.IamMicroservice.Admin.EntityFramework.MySql.csproj", "{3E61F485-2A89-44CD-8903-A104DF5F714C}"
EndProject
Project("{9A19103F-16F7-4668-BE54-9A1E7A4F7556}") = "ProbeTeam.Microservices.IamMicroservice.Admin.EntityFramework.PostgreSQL", "ProbeTeam.Microservices.IamMicroservice.Admin.EntityFramework.PostgreSQL\ProbeTeam.Microservices.IamMicroservice.Admin.EntityFramework.PostgreSQL.csproj", "{15BA9CE7-A1B6-48FE-B7D3-B9348F405819}"
EndProject
Project("{9A19103F-16F7-4668-BE54-9A1E7A4F7556}") = "ProbeTeam.Microservices.IamMicroservice.Admin.EntityFramework.Shared", "ProbeTeam.Microservices.IamMicroservice.Admin.EntityFramework.Shared\ProbeTeam.Microservices.IamMicroservice.Admin.EntityFramework.Shared.csproj", "{6467E581-9304-4B48-9AD7-E07849846F17}"
EndProject
Project("{9A19103F-16F7-4668-BE54-9A1E7A4F7556}") = "ProbeTeam.Microservices.IamMicroservice.Admin.EntityFramework.SqlServer", "ProbeTeam.Microservices.IamMicroservice.Admin.EntityFramework.SqlServer\ProbeTeam.Microservices.IamMicroservice.Admin.EntityFramework.SqlServer.csproj", "{2A66424E-1EA0-469A-A53C-8B3CD8823F71}"
EndProject
Project("{2150E333-8FDC-42A3-9474-1A3956D46DE8}") = "Console", "Console", "{C508312E-FDE0-44EE-B412-0AD636404B13}"
EndProject
Project("{9A19103F-16F7-4668-BE54-9A1E7A4F7556}") = "ProbeTeam.App.UI.Console", "ProbeTeam.App.UI.Console\ProbeTeam.App.UI.Console.csproj", "{5DEC6609-14C3-4C2D-A069-5BB190CFF07E}"
EndProject
Project("{2150E333-8FDC-42A3-9474-1A3956D46DE8}") = "1 - Application", "1 - Application", "{CE0EE0EF-AE3C-4F5C-8C74-E51FAD70D23C}"
EndProject
Project("{2150E333-8FDC-42A3-9474-1A3956D46DE8}") = "2 - Domain", "2 - Domain", "{A6CA330F-C16C-4D5F-A62B-9B41A470D975}"
EndProject
Project("{2150E333-8FDC-42A3-9474-1A3956D46DE8}") = "3 - Infra", "3 - Infra", "{ABF714B2-818F-47AA-8812-2F5B44B3DCBC}"
EndProject
Project("{9A19103F-16F7-4668-BE54-9A1E7A4F7556}") = "ProbeTeam.PlayerMicroservice.Domain", "ProbeTeam.PlayerMicroservice.Domain\ProbeTeam.PlayerMicroservice.Domain.csproj", "{EC838E33-BDDE-4720-97E2-89D108684F3F}"
EndProject
Project("{9A19103F-16F7-4668-BE54-9A1E7A4F7556}") = "ProbeTeam.Common.Domain", "ProbeTeam.Common.Domain\ProbeTeam.Common.Domain.csproj", "{E7EEDA1B-FF59-445F-8CE8-8BCB9136807F}"
EndProject
Project("{9A19103F-16F7-4668-BE54-9A1E7A4F7556}") = "ProbeTeam.Common.Infra.DataAccess", "ProbeTeam.Common.Infra.DataAccess\ProbeTeam.Common.Infra.DataAccess.csproj", "{355E273C-81C6-4063-A06D-D24B93C05B87}"
EndProject
Project("{9A19103F-16F7-4668-BE54-9A1E7A4F7556}") = "ProbeTeam.Common.Infra.Helper", "ProbeTeam.Common.Infra.Helper\ProbeTeam.Common.Infra.Helper.csproj", "{D642ED58-9D78-4EFF-85CC-5F3A98B43F32}"
EndProject
Project("{2150E333-8FDC-42A3-9474-1A3956D46DE8}") = "PlayerActivityMicroservice", "PlayerActivityMicroservice", "{785D909B-0D77-4B4E-8071-BA8B4B5EF772}"
EndProject
Project("{2150E333-8FDC-42A3-9474-1A3956D46DE8}") = "PlayerPunishmentMicroservice", "PlayerPunishmentMicroservice", "{2555667B-F33E-409D-8ED3-DDC1C866B806}"
EndProject
Project("{9A19103F-16F7-4668-BE54-9A1E7A4F7556}") = "ProbeTem.PlayerActivityMicroservice.Domain", "ProbeTem.PlayerActivityMicroservice.Domain\ProbeTem.PlayerActivityMicroservice.Domain.csproj", "{E3062449-3E52-4EEE-B6E5-4A67EB808C54}"
EndProject
Project("{9A19103F-16F7-4668-BE54-9A1E7A4F7556}") = "ProbeTeam.PlayerPunishmentMicroservice.Domain", "ProbeTeam.PlayerPunishmentMicroservice.Domain\ProbeTeam.PlayerPunishmentMicroservice.Domain.csproj", "{8AF7E622-E526-46CE-9764-DA7475AAE97F}"
EndProject
Project("{9A19103F-16F7-4668-BE54-9A1E7A4F7556}") = "ProbeTeam.PlayerMicroservice.Infra", "ProbeTeam.PlayerMicroservice.Infra\ProbeTeam.PlayerMicroservice.Infra.csproj", "{025C760F-F990-4BCC-B538-C00E1656D9D4}"
EndProject
Project("{2150E333-8FDC-42A3-9474-1A3956D46DE8}") = "1 - Application", "1 - Application", "{C280F51A-719A-4155-86C5-BF3A313605F7}"
EndProject
Project("{2150E333-8FDC-42A3-9474-1A3956D46DE8}") = "2 - Domain", "2 - Domain", "{EADB1348-85CA-4931-BB51-03D2D95B8269}"
EndProject
Project("{2150E333-8FDC-42A3-9474-1A3956D46DE8}") = "3 - Infra", "3 - Infra", "{F6EFB2E8-B6E0-43D0-889B-BE6DCD7B7E42}"
EndProject
Project("{9A19103F-16F7-4668-BE54-9A1E7A4F7556}") = "ProbeTeam.PlayerActivityMicroservice.Infra", "ProbeTeam.PlayerActivityMicroservice.Infra\ProbeTeam.PlayerActivityMicroservice.Infra.csproj", "{2A52F4EC-93F0-4111-9E1C-44565538C97D}"
EndProject
Project("{2150E333-8FDC-42A3-9474-1A3956D46DE8}") = "1 - Application", "1 - Application", "{F52173B3-8B33-4685-A9B8-03C98D805EE9}"
EndProject
Project("{2150E333-8FDC-42A3-9474-1A3956D46DE8}") = "2 - Domain", "2 - Domain", "{7D8584CB-A815-47B1-9D60-2FFE753332E0}"
EndProject
Project("{2150E333-8FDC-42A3-9474-1A3956D46DE8}") = "3 - Infra", "3 - Infra", "{1E746712-02D9-4EE3-9649-108DF577DFFD}"
EndProject
Project("{9A19103F-16F7-4668-BE54-9A1E7A4F7556}") = "ProbeTeam.PlayerPunishmentMicroservice.Infra", "ProbeTeam.PlayerPunishmentMicroservice.Infra\ProbeTeam.PlayerPunishmentMicroservice.Infra.csproj", "{1A836A73-DF5B-45DF-B796-C907DFD1EE58}"
EndProject
Project("{9A19103F-16F7-4668-BE54-9A1E7A4F7556}") = "ProbeTeam.PlayerMicroservice.Api", "ProbeTeam.PlayerMicroservice.Api\ProbeTeam.PlayerMicroservice.Api.csproj", "{72CB17AF-DF40-407F-A999-5B3305048E64}"
EndProject
Project("{FAE04EC0-301F-11D3-BF4B-00C04F79EFBC}") = "ProbeTeamApp.UWP", "ProbeTeamApp\ProbeTeamApp.UWP\ProbeTeamApp.UWP.csproj", "{BC5C524F-A9F9-49AD-8F44-3C36559088E1}"
EndProject
Project("{FAE04EC0-301F-11D3-BF4B-00C04F79EFBC}") = "ProbeTeamApp.Android", "ProbeTeamApp\ProbeTeamApp.Android\ProbeTeamApp.Android.csproj", "{6AAEA827-60B5-4441-9950-113348A83CD9}"
EndProject
Project("{FAE04EC0-301F-11D3-BF4B-00C04F79EFBC}") = "ProbeTeamApp.iOS", "ProbeTeamApp\ProbeTeamApp.iOS\ProbeTeamApp.iOS.csproj", "{9049B9A0-BEA4-4CE7-B4F9-758B07EE1D97}"
EndProject
Project("{9A19103F-16F7-4668-BE54-9A1E7A4F7556}") = "ProbeTeamApp", "ProbeTeamApp\ProbeTeamApp\ProbeTeamApp.csproj", "{B608D6B0-572E-489B-AEE1-28FCA43B483C}"
EndProject
Project("{9A19103F-16F7-4668-BE54-9A1E7A4F7556}") = "ProbeTeam.App.Domain", "ProbeTeam.App.Domain\ProbeTeam.App.Domain.csproj", "{044F4368-39E2-4769-9BD7-1095911A0D20}"
EndProject
Project("{9A19103F-16F7-4668-BE54-9A1E7A4F7556}") = "ProbeTeam.App.Infra.DataAccess", "ProbeTeam.App.Infra.DataAccess\ProbeTeam.App.Infra.DataAccess.csproj", "{EAF78494-B30C-4C54-A9B6-5730B4228001}"
EndProject
Project("{9A19103F-16F7-4668-BE54-9A1E7A4F7556}") = "ProbeTeam.App.Application", "ProbeTeam.App.Application\ProbeTeam.App.Application.csproj", "{37C1D1EF-79B5-4E6D-875E-E5AA489DB1BF}"
EndProject
Project("{FAE04EC0-301F-11D3-BF4B-00C04F79EFBC}") = "ProbeTeam.App.UI.WebApp", "ProbeTeam.App.UI.WebApp\ProbeTeam.App.UI.WebApp.csproj", "{22BAF2E0-9AF6-4ABD-AEF1-D04EF453A3D5}"
EndProject
Global
	GlobalSection(SolutionConfigurationPlatforms) = preSolution
		Debug|Any CPU = Debug|Any CPU
		Debug|ARM = Debug|ARM
		Debug|iPhone = Debug|iPhone
		Debug|iPhoneSimulator = Debug|iPhoneSimulator
		Debug|x64 = Debug|x64
		Debug|x86 = Debug|x86
		Release|Any CPU = Release|Any CPU
		Release|ARM = Release|ARM
		Release|iPhone = Release|iPhone
		Release|iPhoneSimulator = Release|iPhoneSimulator
		Release|x64 = Release|x64
		Release|x86 = Release|x86
	EndGlobalSection
	GlobalSection(ProjectConfigurationPlatforms) = postSolution
		{17C6C6FF-5C98-4842-BA8F-5B5B1CC946CB}.Debug|Any CPU.ActiveCfg = Debug|Any CPU
		{17C6C6FF-5C98-4842-BA8F-5B5B1CC946CB}.Debug|Any CPU.Build.0 = Debug|Any CPU
		{17C6C6FF-5C98-4842-BA8F-5B5B1CC946CB}.Debug|ARM.ActiveCfg = Debug|Any CPU
		{17C6C6FF-5C98-4842-BA8F-5B5B1CC946CB}.Debug|ARM.Build.0 = Debug|Any CPU
		{17C6C6FF-5C98-4842-BA8F-5B5B1CC946CB}.Debug|iPhone.ActiveCfg = Debug|Any CPU
		{17C6C6FF-5C98-4842-BA8F-5B5B1CC946CB}.Debug|iPhone.Build.0 = Debug|Any CPU
		{17C6C6FF-5C98-4842-BA8F-5B5B1CC946CB}.Debug|iPhoneSimulator.ActiveCfg = Debug|Any CPU
		{17C6C6FF-5C98-4842-BA8F-5B5B1CC946CB}.Debug|iPhoneSimulator.Build.0 = Debug|Any CPU
		{17C6C6FF-5C98-4842-BA8F-5B5B1CC946CB}.Debug|x64.ActiveCfg = Debug|Any CPU
		{17C6C6FF-5C98-4842-BA8F-5B5B1CC946CB}.Debug|x64.Build.0 = Debug|Any CPU
		{17C6C6FF-5C98-4842-BA8F-5B5B1CC946CB}.Debug|x86.ActiveCfg = Debug|Any CPU
		{17C6C6FF-5C98-4842-BA8F-5B5B1CC946CB}.Debug|x86.Build.0 = Debug|Any CPU
		{17C6C6FF-5C98-4842-BA8F-5B5B1CC946CB}.Release|Any CPU.ActiveCfg = Release|Any CPU
		{17C6C6FF-5C98-4842-BA8F-5B5B1CC946CB}.Release|Any CPU.Build.0 = Release|Any CPU
		{17C6C6FF-5C98-4842-BA8F-5B5B1CC946CB}.Release|ARM.ActiveCfg = Release|Any CPU
		{17C6C6FF-5C98-4842-BA8F-5B5B1CC946CB}.Release|ARM.Build.0 = Release|Any CPU
		{17C6C6FF-5C98-4842-BA8F-5B5B1CC946CB}.Release|iPhone.ActiveCfg = Release|Any CPU
		{17C6C6FF-5C98-4842-BA8F-5B5B1CC946CB}.Release|iPhone.Build.0 = Release|Any CPU
		{17C6C6FF-5C98-4842-BA8F-5B5B1CC946CB}.Release|iPhoneSimulator.ActiveCfg = Release|Any CPU
		{17C6C6FF-5C98-4842-BA8F-5B5B1CC946CB}.Release|iPhoneSimulator.Build.0 = Release|Any CPU
		{17C6C6FF-5C98-4842-BA8F-5B5B1CC946CB}.Release|x64.ActiveCfg = Release|Any CPU
		{17C6C6FF-5C98-4842-BA8F-5B5B1CC946CB}.Release|x64.Build.0 = Release|Any CPU
		{17C6C6FF-5C98-4842-BA8F-5B5B1CC946CB}.Release|x86.ActiveCfg = Release|Any CPU
		{17C6C6FF-5C98-4842-BA8F-5B5B1CC946CB}.Release|x86.Build.0 = Release|Any CPU
		{6E1F77B9-F9C8-4C3E-A2BB-1F1708DFAAF3}.Debug|Any CPU.ActiveCfg = Debug|Any CPU
		{6E1F77B9-F9C8-4C3E-A2BB-1F1708DFAAF3}.Debug|Any CPU.Build.0 = Debug|Any CPU
		{6E1F77B9-F9C8-4C3E-A2BB-1F1708DFAAF3}.Debug|ARM.ActiveCfg = Debug|Any CPU
		{6E1F77B9-F9C8-4C3E-A2BB-1F1708DFAAF3}.Debug|ARM.Build.0 = Debug|Any CPU
		{6E1F77B9-F9C8-4C3E-A2BB-1F1708DFAAF3}.Debug|iPhone.ActiveCfg = Debug|Any CPU
		{6E1F77B9-F9C8-4C3E-A2BB-1F1708DFAAF3}.Debug|iPhone.Build.0 = Debug|Any CPU
		{6E1F77B9-F9C8-4C3E-A2BB-1F1708DFAAF3}.Debug|iPhoneSimulator.ActiveCfg = Debug|Any CPU
		{6E1F77B9-F9C8-4C3E-A2BB-1F1708DFAAF3}.Debug|iPhoneSimulator.Build.0 = Debug|Any CPU
		{6E1F77B9-F9C8-4C3E-A2BB-1F1708DFAAF3}.Debug|x64.ActiveCfg = Debug|Any CPU
		{6E1F77B9-F9C8-4C3E-A2BB-1F1708DFAAF3}.Debug|x64.Build.0 = Debug|Any CPU
		{6E1F77B9-F9C8-4C3E-A2BB-1F1708DFAAF3}.Debug|x86.ActiveCfg = Debug|Any CPU
		{6E1F77B9-F9C8-4C3E-A2BB-1F1708DFAAF3}.Debug|x86.Build.0 = Debug|Any CPU
		{6E1F77B9-F9C8-4C3E-A2BB-1F1708DFAAF3}.Release|Any CPU.ActiveCfg = Release|Any CPU
		{6E1F77B9-F9C8-4C3E-A2BB-1F1708DFAAF3}.Release|Any CPU.Build.0 = Release|Any CPU
		{6E1F77B9-F9C8-4C3E-A2BB-1F1708DFAAF3}.Release|ARM.ActiveCfg = Release|Any CPU
		{6E1F77B9-F9C8-4C3E-A2BB-1F1708DFAAF3}.Release|ARM.Build.0 = Release|Any CPU
		{6E1F77B9-F9C8-4C3E-A2BB-1F1708DFAAF3}.Release|iPhone.ActiveCfg = Release|Any CPU
		{6E1F77B9-F9C8-4C3E-A2BB-1F1708DFAAF3}.Release|iPhone.Build.0 = Release|Any CPU
		{6E1F77B9-F9C8-4C3E-A2BB-1F1708DFAAF3}.Release|iPhoneSimulator.ActiveCfg = Release|Any CPU
		{6E1F77B9-F9C8-4C3E-A2BB-1F1708DFAAF3}.Release|iPhoneSimulator.Build.0 = Release|Any CPU
		{6E1F77B9-F9C8-4C3E-A2BB-1F1708DFAAF3}.Release|x64.ActiveCfg = Release|Any CPU
		{6E1F77B9-F9C8-4C3E-A2BB-1F1708DFAAF3}.Release|x64.Build.0 = Release|Any CPU
		{6E1F77B9-F9C8-4C3E-A2BB-1F1708DFAAF3}.Release|x86.ActiveCfg = Release|Any CPU
		{6E1F77B9-F9C8-4C3E-A2BB-1F1708DFAAF3}.Release|x86.Build.0 = Release|Any CPU
		{DE2E3704-7BA2-44A7-9849-FE60E99CFECF}.Debug|Any CPU.ActiveCfg = Debug|Any CPU
		{DE2E3704-7BA2-44A7-9849-FE60E99CFECF}.Debug|Any CPU.Build.0 = Debug|Any CPU
		{DE2E3704-7BA2-44A7-9849-FE60E99CFECF}.Debug|ARM.ActiveCfg = Debug|Any CPU
		{DE2E3704-7BA2-44A7-9849-FE60E99CFECF}.Debug|ARM.Build.0 = Debug|Any CPU
		{DE2E3704-7BA2-44A7-9849-FE60E99CFECF}.Debug|iPhone.ActiveCfg = Debug|Any CPU
		{DE2E3704-7BA2-44A7-9849-FE60E99CFECF}.Debug|iPhone.Build.0 = Debug|Any CPU
		{DE2E3704-7BA2-44A7-9849-FE60E99CFECF}.Debug|iPhoneSimulator.ActiveCfg = Debug|Any CPU
		{DE2E3704-7BA2-44A7-9849-FE60E99CFECF}.Debug|iPhoneSimulator.Build.0 = Debug|Any CPU
		{DE2E3704-7BA2-44A7-9849-FE60E99CFECF}.Debug|x64.ActiveCfg = Debug|Any CPU
		{DE2E3704-7BA2-44A7-9849-FE60E99CFECF}.Debug|x64.Build.0 = Debug|Any CPU
		{DE2E3704-7BA2-44A7-9849-FE60E99CFECF}.Debug|x86.ActiveCfg = Debug|Any CPU
		{DE2E3704-7BA2-44A7-9849-FE60E99CFECF}.Debug|x86.Build.0 = Debug|Any CPU
		{DE2E3704-7BA2-44A7-9849-FE60E99CFECF}.Release|Any CPU.ActiveCfg = Release|Any CPU
		{DE2E3704-7BA2-44A7-9849-FE60E99CFECF}.Release|Any CPU.Build.0 = Release|Any CPU
		{DE2E3704-7BA2-44A7-9849-FE60E99CFECF}.Release|ARM.ActiveCfg = Release|Any CPU
		{DE2E3704-7BA2-44A7-9849-FE60E99CFECF}.Release|ARM.Build.0 = Release|Any CPU
		{DE2E3704-7BA2-44A7-9849-FE60E99CFECF}.Release|iPhone.ActiveCfg = Release|Any CPU
		{DE2E3704-7BA2-44A7-9849-FE60E99CFECF}.Release|iPhone.Build.0 = Release|Any CPU
		{DE2E3704-7BA2-44A7-9849-FE60E99CFECF}.Release|iPhoneSimulator.ActiveCfg = Release|Any CPU
		{DE2E3704-7BA2-44A7-9849-FE60E99CFECF}.Release|iPhoneSimulator.Build.0 = Release|Any CPU
		{DE2E3704-7BA2-44A7-9849-FE60E99CFECF}.Release|x64.ActiveCfg = Release|Any CPU
		{DE2E3704-7BA2-44A7-9849-FE60E99CFECF}.Release|x64.Build.0 = Release|Any CPU
		{DE2E3704-7BA2-44A7-9849-FE60E99CFECF}.Release|x86.ActiveCfg = Release|Any CPU
		{DE2E3704-7BA2-44A7-9849-FE60E99CFECF}.Release|x86.Build.0 = Release|Any CPU
		{3E61F485-2A89-44CD-8903-A104DF5F714C}.Debug|Any CPU.ActiveCfg = Debug|Any CPU
		{3E61F485-2A89-44CD-8903-A104DF5F714C}.Debug|Any CPU.Build.0 = Debug|Any CPU
		{3E61F485-2A89-44CD-8903-A104DF5F714C}.Debug|ARM.ActiveCfg = Debug|Any CPU
		{3E61F485-2A89-44CD-8903-A104DF5F714C}.Debug|ARM.Build.0 = Debug|Any CPU
		{3E61F485-2A89-44CD-8903-A104DF5F714C}.Debug|iPhone.ActiveCfg = Debug|Any CPU
		{3E61F485-2A89-44CD-8903-A104DF5F714C}.Debug|iPhone.Build.0 = Debug|Any CPU
		{3E61F485-2A89-44CD-8903-A104DF5F714C}.Debug|iPhoneSimulator.ActiveCfg = Debug|Any CPU
		{3E61F485-2A89-44CD-8903-A104DF5F714C}.Debug|iPhoneSimulator.Build.0 = Debug|Any CPU
		{3E61F485-2A89-44CD-8903-A104DF5F714C}.Debug|x64.ActiveCfg = Debug|Any CPU
		{3E61F485-2A89-44CD-8903-A104DF5F714C}.Debug|x64.Build.0 = Debug|Any CPU
		{3E61F485-2A89-44CD-8903-A104DF5F714C}.Debug|x86.ActiveCfg = Debug|Any CPU
		{3E61F485-2A89-44CD-8903-A104DF5F714C}.Debug|x86.Build.0 = Debug|Any CPU
		{3E61F485-2A89-44CD-8903-A104DF5F714C}.Release|Any CPU.ActiveCfg = Release|Any CPU
		{3E61F485-2A89-44CD-8903-A104DF5F714C}.Release|Any CPU.Build.0 = Release|Any CPU
		{3E61F485-2A89-44CD-8903-A104DF5F714C}.Release|ARM.ActiveCfg = Release|Any CPU
		{3E61F485-2A89-44CD-8903-A104DF5F714C}.Release|ARM.Build.0 = Release|Any CPU
		{3E61F485-2A89-44CD-8903-A104DF5F714C}.Release|iPhone.ActiveCfg = Release|Any CPU
		{3E61F485-2A89-44CD-8903-A104DF5F714C}.Release|iPhone.Build.0 = Release|Any CPU
		{3E61F485-2A89-44CD-8903-A104DF5F714C}.Release|iPhoneSimulator.ActiveCfg = Release|Any CPU
		{3E61F485-2A89-44CD-8903-A104DF5F714C}.Release|iPhoneSimulator.Build.0 = Release|Any CPU
		{3E61F485-2A89-44CD-8903-A104DF5F714C}.Release|x64.ActiveCfg = Release|Any CPU
		{3E61F485-2A89-44CD-8903-A104DF5F714C}.Release|x64.Build.0 = Release|Any CPU
		{3E61F485-2A89-44CD-8903-A104DF5F714C}.Release|x86.ActiveCfg = Release|Any CPU
		{3E61F485-2A89-44CD-8903-A104DF5F714C}.Release|x86.Build.0 = Release|Any CPU
		{15BA9CE7-A1B6-48FE-B7D3-B9348F405819}.Debug|Any CPU.ActiveCfg = Debug|Any CPU
		{15BA9CE7-A1B6-48FE-B7D3-B9348F405819}.Debug|Any CPU.Build.0 = Debug|Any CPU
		{15BA9CE7-A1B6-48FE-B7D3-B9348F405819}.Debug|ARM.ActiveCfg = Debug|Any CPU
		{15BA9CE7-A1B6-48FE-B7D3-B9348F405819}.Debug|ARM.Build.0 = Debug|Any CPU
		{15BA9CE7-A1B6-48FE-B7D3-B9348F405819}.Debug|iPhone.ActiveCfg = Debug|Any CPU
		{15BA9CE7-A1B6-48FE-B7D3-B9348F405819}.Debug|iPhone.Build.0 = Debug|Any CPU
		{15BA9CE7-A1B6-48FE-B7D3-B9348F405819}.Debug|iPhoneSimulator.ActiveCfg = Debug|Any CPU
		{15BA9CE7-A1B6-48FE-B7D3-B9348F405819}.Debug|iPhoneSimulator.Build.0 = Debug|Any CPU
		{15BA9CE7-A1B6-48FE-B7D3-B9348F405819}.Debug|x64.ActiveCfg = Debug|Any CPU
		{15BA9CE7-A1B6-48FE-B7D3-B9348F405819}.Debug|x64.Build.0 = Debug|Any CPU
		{15BA9CE7-A1B6-48FE-B7D3-B9348F405819}.Debug|x86.ActiveCfg = Debug|Any CPU
		{15BA9CE7-A1B6-48FE-B7D3-B9348F405819}.Debug|x86.Build.0 = Debug|Any CPU
		{15BA9CE7-A1B6-48FE-B7D3-B9348F405819}.Release|Any CPU.ActiveCfg = Release|Any CPU
		{15BA9CE7-A1B6-48FE-B7D3-B9348F405819}.Release|Any CPU.Build.0 = Release|Any CPU
		{15BA9CE7-A1B6-48FE-B7D3-B9348F405819}.Release|ARM.ActiveCfg = Release|Any CPU
		{15BA9CE7-A1B6-48FE-B7D3-B9348F405819}.Release|ARM.Build.0 = Release|Any CPU
		{15BA9CE7-A1B6-48FE-B7D3-B9348F405819}.Release|iPhone.ActiveCfg = Release|Any CPU
		{15BA9CE7-A1B6-48FE-B7D3-B9348F405819}.Release|iPhone.Build.0 = Release|Any CPU
		{15BA9CE7-A1B6-48FE-B7D3-B9348F405819}.Release|iPhoneSimulator.ActiveCfg = Release|Any CPU
		{15BA9CE7-A1B6-48FE-B7D3-B9348F405819}.Release|iPhoneSimulator.Build.0 = Release|Any CPU
		{15BA9CE7-A1B6-48FE-B7D3-B9348F405819}.Release|x64.ActiveCfg = Release|Any CPU
		{15BA9CE7-A1B6-48FE-B7D3-B9348F405819}.Release|x64.Build.0 = Release|Any CPU
		{15BA9CE7-A1B6-48FE-B7D3-B9348F405819}.Release|x86.ActiveCfg = Release|Any CPU
		{15BA9CE7-A1B6-48FE-B7D3-B9348F405819}.Release|x86.Build.0 = Release|Any CPU
		{6467E581-9304-4B48-9AD7-E07849846F17}.Debug|Any CPU.ActiveCfg = Debug|Any CPU
		{6467E581-9304-4B48-9AD7-E07849846F17}.Debug|Any CPU.Build.0 = Debug|Any CPU
		{6467E581-9304-4B48-9AD7-E07849846F17}.Debug|ARM.ActiveCfg = Debug|Any CPU
		{6467E581-9304-4B48-9AD7-E07849846F17}.Debug|ARM.Build.0 = Debug|Any CPU
		{6467E581-9304-4B48-9AD7-E07849846F17}.Debug|iPhone.ActiveCfg = Debug|Any CPU
		{6467E581-9304-4B48-9AD7-E07849846F17}.Debug|iPhone.Build.0 = Debug|Any CPU
		{6467E581-9304-4B48-9AD7-E07849846F17}.Debug|iPhoneSimulator.ActiveCfg = Debug|Any CPU
		{6467E581-9304-4B48-9AD7-E07849846F17}.Debug|iPhoneSimulator.Build.0 = Debug|Any CPU
		{6467E581-9304-4B48-9AD7-E07849846F17}.Debug|x64.ActiveCfg = Debug|Any CPU
		{6467E581-9304-4B48-9AD7-E07849846F17}.Debug|x64.Build.0 = Debug|Any CPU
		{6467E581-9304-4B48-9AD7-E07849846F17}.Debug|x86.ActiveCfg = Debug|Any CPU
		{6467E581-9304-4B48-9AD7-E07849846F17}.Debug|x86.Build.0 = Debug|Any CPU
		{6467E581-9304-4B48-9AD7-E07849846F17}.Release|Any CPU.ActiveCfg = Release|Any CPU
		{6467E581-9304-4B48-9AD7-E07849846F17}.Release|Any CPU.Build.0 = Release|Any CPU
		{6467E581-9304-4B48-9AD7-E07849846F17}.Release|ARM.ActiveCfg = Release|Any CPU
		{6467E581-9304-4B48-9AD7-E07849846F17}.Release|ARM.Build.0 = Release|Any CPU
		{6467E581-9304-4B48-9AD7-E07849846F17}.Release|iPhone.ActiveCfg = Release|Any CPU
		{6467E581-9304-4B48-9AD7-E07849846F17}.Release|iPhone.Build.0 = Release|Any CPU
		{6467E581-9304-4B48-9AD7-E07849846F17}.Release|iPhoneSimulator.ActiveCfg = Release|Any CPU
		{6467E581-9304-4B48-9AD7-E07849846F17}.Release|iPhoneSimulator.Build.0 = Release|Any CPU
		{6467E581-9304-4B48-9AD7-E07849846F17}.Release|x64.ActiveCfg = Release|Any CPU
		{6467E581-9304-4B48-9AD7-E07849846F17}.Release|x64.Build.0 = Release|Any CPU
		{6467E581-9304-4B48-9AD7-E07849846F17}.Release|x86.ActiveCfg = Release|Any CPU
		{6467E581-9304-4B48-9AD7-E07849846F17}.Release|x86.Build.0 = Release|Any CPU
		{2A66424E-1EA0-469A-A53C-8B3CD8823F71}.Debug|Any CPU.ActiveCfg = Debug|Any CPU
		{2A66424E-1EA0-469A-A53C-8B3CD8823F71}.Debug|Any CPU.Build.0 = Debug|Any CPU
		{2A66424E-1EA0-469A-A53C-8B3CD8823F71}.Debug|ARM.ActiveCfg = Debug|Any CPU
		{2A66424E-1EA0-469A-A53C-8B3CD8823F71}.Debug|ARM.Build.0 = Debug|Any CPU
		{2A66424E-1EA0-469A-A53C-8B3CD8823F71}.Debug|iPhone.ActiveCfg = Debug|Any CPU
		{2A66424E-1EA0-469A-A53C-8B3CD8823F71}.Debug|iPhone.Build.0 = Debug|Any CPU
		{2A66424E-1EA0-469A-A53C-8B3CD8823F71}.Debug|iPhoneSimulator.ActiveCfg = Debug|Any CPU
		{2A66424E-1EA0-469A-A53C-8B3CD8823F71}.Debug|iPhoneSimulator.Build.0 = Debug|Any CPU
		{2A66424E-1EA0-469A-A53C-8B3CD8823F71}.Debug|x64.ActiveCfg = Debug|Any CPU
		{2A66424E-1EA0-469A-A53C-8B3CD8823F71}.Debug|x64.Build.0 = Debug|Any CPU
		{2A66424E-1EA0-469A-A53C-8B3CD8823F71}.Debug|x86.ActiveCfg = Debug|Any CPU
		{2A66424E-1EA0-469A-A53C-8B3CD8823F71}.Debug|x86.Build.0 = Debug|Any CPU
		{2A66424E-1EA0-469A-A53C-8B3CD8823F71}.Release|Any CPU.ActiveCfg = Release|Any CPU
		{2A66424E-1EA0-469A-A53C-8B3CD8823F71}.Release|Any CPU.Build.0 = Release|Any CPU
		{2A66424E-1EA0-469A-A53C-8B3CD8823F71}.Release|ARM.ActiveCfg = Release|Any CPU
		{2A66424E-1EA0-469A-A53C-8B3CD8823F71}.Release|ARM.Build.0 = Release|Any CPU
		{2A66424E-1EA0-469A-A53C-8B3CD8823F71}.Release|iPhone.ActiveCfg = Release|Any CPU
		{2A66424E-1EA0-469A-A53C-8B3CD8823F71}.Release|iPhone.Build.0 = Release|Any CPU
		{2A66424E-1EA0-469A-A53C-8B3CD8823F71}.Release|iPhoneSimulator.ActiveCfg = Release|Any CPU
		{2A66424E-1EA0-469A-A53C-8B3CD8823F71}.Release|iPhoneSimulator.Build.0 = Release|Any CPU
		{2A66424E-1EA0-469A-A53C-8B3CD8823F71}.Release|x64.ActiveCfg = Release|Any CPU
		{2A66424E-1EA0-469A-A53C-8B3CD8823F71}.Release|x64.Build.0 = Release|Any CPU
		{2A66424E-1EA0-469A-A53C-8B3CD8823F71}.Release|x86.ActiveCfg = Release|Any CPU
		{2A66424E-1EA0-469A-A53C-8B3CD8823F71}.Release|x86.Build.0 = Release|Any CPU
		{5DEC6609-14C3-4C2D-A069-5BB190CFF07E}.Debug|Any CPU.ActiveCfg = Debug|Any CPU
		{5DEC6609-14C3-4C2D-A069-5BB190CFF07E}.Debug|Any CPU.Build.0 = Debug|Any CPU
		{5DEC6609-14C3-4C2D-A069-5BB190CFF07E}.Debug|ARM.ActiveCfg = Debug|Any CPU
		{5DEC6609-14C3-4C2D-A069-5BB190CFF07E}.Debug|ARM.Build.0 = Debug|Any CPU
		{5DEC6609-14C3-4C2D-A069-5BB190CFF07E}.Debug|iPhone.ActiveCfg = Debug|Any CPU
		{5DEC6609-14C3-4C2D-A069-5BB190CFF07E}.Debug|iPhone.Build.0 = Debug|Any CPU
		{5DEC6609-14C3-4C2D-A069-5BB190CFF07E}.Debug|iPhoneSimulator.ActiveCfg = Debug|Any CPU
		{5DEC6609-14C3-4C2D-A069-5BB190CFF07E}.Debug|iPhoneSimulator.Build.0 = Debug|Any CPU
		{5DEC6609-14C3-4C2D-A069-5BB190CFF07E}.Debug|x64.ActiveCfg = Debug|Any CPU
		{5DEC6609-14C3-4C2D-A069-5BB190CFF07E}.Debug|x64.Build.0 = Debug|Any CPU
		{5DEC6609-14C3-4C2D-A069-5BB190CFF07E}.Debug|x86.ActiveCfg = Debug|Any CPU
		{5DEC6609-14C3-4C2D-A069-5BB190CFF07E}.Debug|x86.Build.0 = Debug|Any CPU
		{5DEC6609-14C3-4C2D-A069-5BB190CFF07E}.Release|Any CPU.ActiveCfg = Release|Any CPU
		{5DEC6609-14C3-4C2D-A069-5BB190CFF07E}.Release|Any CPU.Build.0 = Release|Any CPU
		{5DEC6609-14C3-4C2D-A069-5BB190CFF07E}.Release|ARM.ActiveCfg = Release|Any CPU
		{5DEC6609-14C3-4C2D-A069-5BB190CFF07E}.Release|ARM.Build.0 = Release|Any CPU
		{5DEC6609-14C3-4C2D-A069-5BB190CFF07E}.Release|iPhone.ActiveCfg = Release|Any CPU
		{5DEC6609-14C3-4C2D-A069-5BB190CFF07E}.Release|iPhone.Build.0 = Release|Any CPU
		{5DEC6609-14C3-4C2D-A069-5BB190CFF07E}.Release|iPhoneSimulator.ActiveCfg = Release|Any CPU
		{5DEC6609-14C3-4C2D-A069-5BB190CFF07E}.Release|iPhoneSimulator.Build.0 = Release|Any CPU
		{5DEC6609-14C3-4C2D-A069-5BB190CFF07E}.Release|x64.ActiveCfg = Release|Any CPU
		{5DEC6609-14C3-4C2D-A069-5BB190CFF07E}.Release|x64.Build.0 = Release|Any CPU
		{5DEC6609-14C3-4C2D-A069-5BB190CFF07E}.Release|x86.ActiveCfg = Release|Any CPU
		{5DEC6609-14C3-4C2D-A069-5BB190CFF07E}.Release|x86.Build.0 = Release|Any CPU
		{EC838E33-BDDE-4720-97E2-89D108684F3F}.Debug|Any CPU.ActiveCfg = Debug|Any CPU
		{EC838E33-BDDE-4720-97E2-89D108684F3F}.Debug|Any CPU.Build.0 = Debug|Any CPU
		{EC838E33-BDDE-4720-97E2-89D108684F3F}.Debug|ARM.ActiveCfg = Debug|Any CPU
		{EC838E33-BDDE-4720-97E2-89D108684F3F}.Debug|ARM.Build.0 = Debug|Any CPU
		{EC838E33-BDDE-4720-97E2-89D108684F3F}.Debug|iPhone.ActiveCfg = Debug|Any CPU
		{EC838E33-BDDE-4720-97E2-89D108684F3F}.Debug|iPhone.Build.0 = Debug|Any CPU
		{EC838E33-BDDE-4720-97E2-89D108684F3F}.Debug|iPhoneSimulator.ActiveCfg = Debug|Any CPU
		{EC838E33-BDDE-4720-97E2-89D108684F3F}.Debug|iPhoneSimulator.Build.0 = Debug|Any CPU
		{EC838E33-BDDE-4720-97E2-89D108684F3F}.Debug|x64.ActiveCfg = Debug|Any CPU
		{EC838E33-BDDE-4720-97E2-89D108684F3F}.Debug|x64.Build.0 = Debug|Any CPU
		{EC838E33-BDDE-4720-97E2-89D108684F3F}.Debug|x86.ActiveCfg = Debug|Any CPU
		{EC838E33-BDDE-4720-97E2-89D108684F3F}.Debug|x86.Build.0 = Debug|Any CPU
		{EC838E33-BDDE-4720-97E2-89D108684F3F}.Release|Any CPU.ActiveCfg = Release|Any CPU
		{EC838E33-BDDE-4720-97E2-89D108684F3F}.Release|Any CPU.Build.0 = Release|Any CPU
		{EC838E33-BDDE-4720-97E2-89D108684F3F}.Release|ARM.ActiveCfg = Release|Any CPU
		{EC838E33-BDDE-4720-97E2-89D108684F3F}.Release|ARM.Build.0 = Release|Any CPU
		{EC838E33-BDDE-4720-97E2-89D108684F3F}.Release|iPhone.ActiveCfg = Release|Any CPU
		{EC838E33-BDDE-4720-97E2-89D108684F3F}.Release|iPhone.Build.0 = Release|Any CPU
		{EC838E33-BDDE-4720-97E2-89D108684F3F}.Release|iPhoneSimulator.ActiveCfg = Release|Any CPU
		{EC838E33-BDDE-4720-97E2-89D108684F3F}.Release|iPhoneSimulator.Build.0 = Release|Any CPU
		{EC838E33-BDDE-4720-97E2-89D108684F3F}.Release|x64.ActiveCfg = Release|Any CPU
		{EC838E33-BDDE-4720-97E2-89D108684F3F}.Release|x64.Build.0 = Release|Any CPU
		{EC838E33-BDDE-4720-97E2-89D108684F3F}.Release|x86.ActiveCfg = Release|Any CPU
		{EC838E33-BDDE-4720-97E2-89D108684F3F}.Release|x86.Build.0 = Release|Any CPU
		{E7EEDA1B-FF59-445F-8CE8-8BCB9136807F}.Debug|Any CPU.ActiveCfg = Debug|Any CPU
		{E7EEDA1B-FF59-445F-8CE8-8BCB9136807F}.Debug|Any CPU.Build.0 = Debug|Any CPU
		{E7EEDA1B-FF59-445F-8CE8-8BCB9136807F}.Debug|ARM.ActiveCfg = Debug|Any CPU
		{E7EEDA1B-FF59-445F-8CE8-8BCB9136807F}.Debug|ARM.Build.0 = Debug|Any CPU
		{E7EEDA1B-FF59-445F-8CE8-8BCB9136807F}.Debug|iPhone.ActiveCfg = Debug|Any CPU
		{E7EEDA1B-FF59-445F-8CE8-8BCB9136807F}.Debug|iPhone.Build.0 = Debug|Any CPU
		{E7EEDA1B-FF59-445F-8CE8-8BCB9136807F}.Debug|iPhoneSimulator.ActiveCfg = Debug|Any CPU
		{E7EEDA1B-FF59-445F-8CE8-8BCB9136807F}.Debug|iPhoneSimulator.Build.0 = Debug|Any CPU
		{E7EEDA1B-FF59-445F-8CE8-8BCB9136807F}.Debug|x64.ActiveCfg = Debug|Any CPU
		{E7EEDA1B-FF59-445F-8CE8-8BCB9136807F}.Debug|x64.Build.0 = Debug|Any CPU
		{E7EEDA1B-FF59-445F-8CE8-8BCB9136807F}.Debug|x86.ActiveCfg = Debug|Any CPU
		{E7EEDA1B-FF59-445F-8CE8-8BCB9136807F}.Debug|x86.Build.0 = Debug|Any CPU
		{E7EEDA1B-FF59-445F-8CE8-8BCB9136807F}.Release|Any CPU.ActiveCfg = Release|Any CPU
		{E7EEDA1B-FF59-445F-8CE8-8BCB9136807F}.Release|Any CPU.Build.0 = Release|Any CPU
		{E7EEDA1B-FF59-445F-8CE8-8BCB9136807F}.Release|ARM.ActiveCfg = Release|Any CPU
		{E7EEDA1B-FF59-445F-8CE8-8BCB9136807F}.Release|ARM.Build.0 = Release|Any CPU
		{E7EEDA1B-FF59-445F-8CE8-8BCB9136807F}.Release|iPhone.ActiveCfg = Release|Any CPU
		{E7EEDA1B-FF59-445F-8CE8-8BCB9136807F}.Release|iPhone.Build.0 = Release|Any CPU
		{E7EEDA1B-FF59-445F-8CE8-8BCB9136807F}.Release|iPhoneSimulator.ActiveCfg = Release|Any CPU
		{E7EEDA1B-FF59-445F-8CE8-8BCB9136807F}.Release|iPhoneSimulator.Build.0 = Release|Any CPU
		{E7EEDA1B-FF59-445F-8CE8-8BCB9136807F}.Release|x64.ActiveCfg = Release|Any CPU
		{E7EEDA1B-FF59-445F-8CE8-8BCB9136807F}.Release|x64.Build.0 = Release|Any CPU
		{E7EEDA1B-FF59-445F-8CE8-8BCB9136807F}.Release|x86.ActiveCfg = Release|Any CPU
		{E7EEDA1B-FF59-445F-8CE8-8BCB9136807F}.Release|x86.Build.0 = Release|Any CPU
		{355E273C-81C6-4063-A06D-D24B93C05B87}.Debug|Any CPU.ActiveCfg = Debug|Any CPU
		{355E273C-81C6-4063-A06D-D24B93C05B87}.Debug|Any CPU.Build.0 = Debug|Any CPU
		{355E273C-81C6-4063-A06D-D24B93C05B87}.Debug|ARM.ActiveCfg = Debug|Any CPU
		{355E273C-81C6-4063-A06D-D24B93C05B87}.Debug|ARM.Build.0 = Debug|Any CPU
		{355E273C-81C6-4063-A06D-D24B93C05B87}.Debug|iPhone.ActiveCfg = Debug|Any CPU
		{355E273C-81C6-4063-A06D-D24B93C05B87}.Debug|iPhone.Build.0 = Debug|Any CPU
		{355E273C-81C6-4063-A06D-D24B93C05B87}.Debug|iPhoneSimulator.ActiveCfg = Debug|Any CPU
		{355E273C-81C6-4063-A06D-D24B93C05B87}.Debug|iPhoneSimulator.Build.0 = Debug|Any CPU
		{355E273C-81C6-4063-A06D-D24B93C05B87}.Debug|x64.ActiveCfg = Debug|Any CPU
		{355E273C-81C6-4063-A06D-D24B93C05B87}.Debug|x64.Build.0 = Debug|Any CPU
		{355E273C-81C6-4063-A06D-D24B93C05B87}.Debug|x86.ActiveCfg = Debug|Any CPU
		{355E273C-81C6-4063-A06D-D24B93C05B87}.Debug|x86.Build.0 = Debug|Any CPU
		{355E273C-81C6-4063-A06D-D24B93C05B87}.Release|Any CPU.ActiveCfg = Release|Any CPU
		{355E273C-81C6-4063-A06D-D24B93C05B87}.Release|Any CPU.Build.0 = Release|Any CPU
		{355E273C-81C6-4063-A06D-D24B93C05B87}.Release|ARM.ActiveCfg = Release|Any CPU
		{355E273C-81C6-4063-A06D-D24B93C05B87}.Release|ARM.Build.0 = Release|Any CPU
		{355E273C-81C6-4063-A06D-D24B93C05B87}.Release|iPhone.ActiveCfg = Release|Any CPU
		{355E273C-81C6-4063-A06D-D24B93C05B87}.Release|iPhone.Build.0 = Release|Any CPU
		{355E273C-81C6-4063-A06D-D24B93C05B87}.Release|iPhoneSimulator.ActiveCfg = Release|Any CPU
		{355E273C-81C6-4063-A06D-D24B93C05B87}.Release|iPhoneSimulator.Build.0 = Release|Any CPU
		{355E273C-81C6-4063-A06D-D24B93C05B87}.Release|x64.ActiveCfg = Release|Any CPU
		{355E273C-81C6-4063-A06D-D24B93C05B87}.Release|x64.Build.0 = Release|Any CPU
		{355E273C-81C6-4063-A06D-D24B93C05B87}.Release|x86.ActiveCfg = Release|Any CPU
		{355E273C-81C6-4063-A06D-D24B93C05B87}.Release|x86.Build.0 = Release|Any CPU
		{D642ED58-9D78-4EFF-85CC-5F3A98B43F32}.Debug|Any CPU.ActiveCfg = Debug|Any CPU
		{D642ED58-9D78-4EFF-85CC-5F3A98B43F32}.Debug|Any CPU.Build.0 = Debug|Any CPU
		{D642ED58-9D78-4EFF-85CC-5F3A98B43F32}.Debug|ARM.ActiveCfg = Debug|Any CPU
		{D642ED58-9D78-4EFF-85CC-5F3A98B43F32}.Debug|ARM.Build.0 = Debug|Any CPU
		{D642ED58-9D78-4EFF-85CC-5F3A98B43F32}.Debug|iPhone.ActiveCfg = Debug|Any CPU
		{D642ED58-9D78-4EFF-85CC-5F3A98B43F32}.Debug|iPhone.Build.0 = Debug|Any CPU
		{D642ED58-9D78-4EFF-85CC-5F3A98B43F32}.Debug|iPhoneSimulator.ActiveCfg = Debug|Any CPU
		{D642ED58-9D78-4EFF-85CC-5F3A98B43F32}.Debug|iPhoneSimulator.Build.0 = Debug|Any CPU
		{D642ED58-9D78-4EFF-85CC-5F3A98B43F32}.Debug|x64.ActiveCfg = Debug|Any CPU
		{D642ED58-9D78-4EFF-85CC-5F3A98B43F32}.Debug|x64.Build.0 = Debug|Any CPU
		{D642ED58-9D78-4EFF-85CC-5F3A98B43F32}.Debug|x86.ActiveCfg = Debug|Any CPU
		{D642ED58-9D78-4EFF-85CC-5F3A98B43F32}.Debug|x86.Build.0 = Debug|Any CPU
		{D642ED58-9D78-4EFF-85CC-5F3A98B43F32}.Release|Any CPU.ActiveCfg = Release|Any CPU
		{D642ED58-9D78-4EFF-85CC-5F3A98B43F32}.Release|Any CPU.Build.0 = Release|Any CPU
		{D642ED58-9D78-4EFF-85CC-5F3A98B43F32}.Release|ARM.ActiveCfg = Release|Any CPU
		{D642ED58-9D78-4EFF-85CC-5F3A98B43F32}.Release|ARM.Build.0 = Release|Any CPU
		{D642ED58-9D78-4EFF-85CC-5F3A98B43F32}.Release|iPhone.ActiveCfg = Release|Any CPU
		{D642ED58-9D78-4EFF-85CC-5F3A98B43F32}.Release|iPhone.Build.0 = Release|Any CPU
		{D642ED58-9D78-4EFF-85CC-5F3A98B43F32}.Release|iPhoneSimulator.ActiveCfg = Release|Any CPU
		{D642ED58-9D78-4EFF-85CC-5F3A98B43F32}.Release|iPhoneSimulator.Build.0 = Release|Any CPU
		{D642ED58-9D78-4EFF-85CC-5F3A98B43F32}.Release|x64.ActiveCfg = Release|Any CPU
		{D642ED58-9D78-4EFF-85CC-5F3A98B43F32}.Release|x64.Build.0 = Release|Any CPU
		{D642ED58-9D78-4EFF-85CC-5F3A98B43F32}.Release|x86.ActiveCfg = Release|Any CPU
		{D642ED58-9D78-4EFF-85CC-5F3A98B43F32}.Release|x86.Build.0 = Release|Any CPU
		{E3062449-3E52-4EEE-B6E5-4A67EB808C54}.Debug|Any CPU.ActiveCfg = Debug|Any CPU
		{E3062449-3E52-4EEE-B6E5-4A67EB808C54}.Debug|Any CPU.Build.0 = Debug|Any CPU
		{E3062449-3E52-4EEE-B6E5-4A67EB808C54}.Debug|ARM.ActiveCfg = Debug|Any CPU
		{E3062449-3E52-4EEE-B6E5-4A67EB808C54}.Debug|ARM.Build.0 = Debug|Any CPU
		{E3062449-3E52-4EEE-B6E5-4A67EB808C54}.Debug|iPhone.ActiveCfg = Debug|Any CPU
		{E3062449-3E52-4EEE-B6E5-4A67EB808C54}.Debug|iPhone.Build.0 = Debug|Any CPU
		{E3062449-3E52-4EEE-B6E5-4A67EB808C54}.Debug|iPhoneSimulator.ActiveCfg = Debug|Any CPU
		{E3062449-3E52-4EEE-B6E5-4A67EB808C54}.Debug|iPhoneSimulator.Build.0 = Debug|Any CPU
		{E3062449-3E52-4EEE-B6E5-4A67EB808C54}.Debug|x64.ActiveCfg = Debug|Any CPU
		{E3062449-3E52-4EEE-B6E5-4A67EB808C54}.Debug|x64.Build.0 = Debug|Any CPU
		{E3062449-3E52-4EEE-B6E5-4A67EB808C54}.Debug|x86.ActiveCfg = Debug|Any CPU
		{E3062449-3E52-4EEE-B6E5-4A67EB808C54}.Debug|x86.Build.0 = Debug|Any CPU
		{E3062449-3E52-4EEE-B6E5-4A67EB808C54}.Release|Any CPU.ActiveCfg = Release|Any CPU
		{E3062449-3E52-4EEE-B6E5-4A67EB808C54}.Release|Any CPU.Build.0 = Release|Any CPU
		{E3062449-3E52-4EEE-B6E5-4A67EB808C54}.Release|ARM.ActiveCfg = Release|Any CPU
		{E3062449-3E52-4EEE-B6E5-4A67EB808C54}.Release|ARM.Build.0 = Release|Any CPU
		{E3062449-3E52-4EEE-B6E5-4A67EB808C54}.Release|iPhone.ActiveCfg = Release|Any CPU
		{E3062449-3E52-4EEE-B6E5-4A67EB808C54}.Release|iPhone.Build.0 = Release|Any CPU
		{E3062449-3E52-4EEE-B6E5-4A67EB808C54}.Release|iPhoneSimulator.ActiveCfg = Release|Any CPU
		{E3062449-3E52-4EEE-B6E5-4A67EB808C54}.Release|iPhoneSimulator.Build.0 = Release|Any CPU
		{E3062449-3E52-4EEE-B6E5-4A67EB808C54}.Release|x64.ActiveCfg = Release|Any CPU
		{E3062449-3E52-4EEE-B6E5-4A67EB808C54}.Release|x64.Build.0 = Release|Any CPU
		{E3062449-3E52-4EEE-B6E5-4A67EB808C54}.Release|x86.ActiveCfg = Release|Any CPU
		{E3062449-3E52-4EEE-B6E5-4A67EB808C54}.Release|x86.Build.0 = Release|Any CPU
		{8AF7E622-E526-46CE-9764-DA7475AAE97F}.Debug|Any CPU.ActiveCfg = Debug|Any CPU
		{8AF7E622-E526-46CE-9764-DA7475AAE97F}.Debug|Any CPU.Build.0 = Debug|Any CPU
		{8AF7E622-E526-46CE-9764-DA7475AAE97F}.Debug|ARM.ActiveCfg = Debug|Any CPU
		{8AF7E622-E526-46CE-9764-DA7475AAE97F}.Debug|ARM.Build.0 = Debug|Any CPU
		{8AF7E622-E526-46CE-9764-DA7475AAE97F}.Debug|iPhone.ActiveCfg = Debug|Any CPU
		{8AF7E622-E526-46CE-9764-DA7475AAE97F}.Debug|iPhone.Build.0 = Debug|Any CPU
		{8AF7E622-E526-46CE-9764-DA7475AAE97F}.Debug|iPhoneSimulator.ActiveCfg = Debug|Any CPU
		{8AF7E622-E526-46CE-9764-DA7475AAE97F}.Debug|iPhoneSimulator.Build.0 = Debug|Any CPU
		{8AF7E622-E526-46CE-9764-DA7475AAE97F}.Debug|x64.ActiveCfg = Debug|Any CPU
		{8AF7E622-E526-46CE-9764-DA7475AAE97F}.Debug|x64.Build.0 = Debug|Any CPU
		{8AF7E622-E526-46CE-9764-DA7475AAE97F}.Debug|x86.ActiveCfg = Debug|Any CPU
		{8AF7E622-E526-46CE-9764-DA7475AAE97F}.Debug|x86.Build.0 = Debug|Any CPU
		{8AF7E622-E526-46CE-9764-DA7475AAE97F}.Release|Any CPU.ActiveCfg = Release|Any CPU
		{8AF7E622-E526-46CE-9764-DA7475AAE97F}.Release|Any CPU.Build.0 = Release|Any CPU
		{8AF7E622-E526-46CE-9764-DA7475AAE97F}.Release|ARM.ActiveCfg = Release|Any CPU
		{8AF7E622-E526-46CE-9764-DA7475AAE97F}.Release|ARM.Build.0 = Release|Any CPU
		{8AF7E622-E526-46CE-9764-DA7475AAE97F}.Release|iPhone.ActiveCfg = Release|Any CPU
		{8AF7E622-E526-46CE-9764-DA7475AAE97F}.Release|iPhone.Build.0 = Release|Any CPU
		{8AF7E622-E526-46CE-9764-DA7475AAE97F}.Release|iPhoneSimulator.ActiveCfg = Release|Any CPU
		{8AF7E622-E526-46CE-9764-DA7475AAE97F}.Release|iPhoneSimulator.Build.0 = Release|Any CPU
		{8AF7E622-E526-46CE-9764-DA7475AAE97F}.Release|x64.ActiveCfg = Release|Any CPU
		{8AF7E622-E526-46CE-9764-DA7475AAE97F}.Release|x64.Build.0 = Release|Any CPU
		{8AF7E622-E526-46CE-9764-DA7475AAE97F}.Release|x86.ActiveCfg = Release|Any CPU
		{8AF7E622-E526-46CE-9764-DA7475AAE97F}.Release|x86.Build.0 = Release|Any CPU
		{025C760F-F990-4BCC-B538-C00E1656D9D4}.Debug|Any CPU.ActiveCfg = Debug|Any CPU
		{025C760F-F990-4BCC-B538-C00E1656D9D4}.Debug|Any CPU.Build.0 = Debug|Any CPU
		{025C760F-F990-4BCC-B538-C00E1656D9D4}.Debug|ARM.ActiveCfg = Debug|Any CPU
		{025C760F-F990-4BCC-B538-C00E1656D9D4}.Debug|ARM.Build.0 = Debug|Any CPU
		{025C760F-F990-4BCC-B538-C00E1656D9D4}.Debug|iPhone.ActiveCfg = Debug|Any CPU
		{025C760F-F990-4BCC-B538-C00E1656D9D4}.Debug|iPhone.Build.0 = Debug|Any CPU
		{025C760F-F990-4BCC-B538-C00E1656D9D4}.Debug|iPhoneSimulator.ActiveCfg = Debug|Any CPU
		{025C760F-F990-4BCC-B538-C00E1656D9D4}.Debug|iPhoneSimulator.Build.0 = Debug|Any CPU
		{025C760F-F990-4BCC-B538-C00E1656D9D4}.Debug|x64.ActiveCfg = Debug|Any CPU
		{025C760F-F990-4BCC-B538-C00E1656D9D4}.Debug|x64.Build.0 = Debug|Any CPU
		{025C760F-F990-4BCC-B538-C00E1656D9D4}.Debug|x86.ActiveCfg = Debug|Any CPU
		{025C760F-F990-4BCC-B538-C00E1656D9D4}.Debug|x86.Build.0 = Debug|Any CPU
		{025C760F-F990-4BCC-B538-C00E1656D9D4}.Release|Any CPU.ActiveCfg = Release|Any CPU
		{025C760F-F990-4BCC-B538-C00E1656D9D4}.Release|Any CPU.Build.0 = Release|Any CPU
		{025C760F-F990-4BCC-B538-C00E1656D9D4}.Release|ARM.ActiveCfg = Release|Any CPU
		{025C760F-F990-4BCC-B538-C00E1656D9D4}.Release|ARM.Build.0 = Release|Any CPU
		{025C760F-F990-4BCC-B538-C00E1656D9D4}.Release|iPhone.ActiveCfg = Release|Any CPU
		{025C760F-F990-4BCC-B538-C00E1656D9D4}.Release|iPhone.Build.0 = Release|Any CPU
		{025C760F-F990-4BCC-B538-C00E1656D9D4}.Release|iPhoneSimulator.ActiveCfg = Release|Any CPU
		{025C760F-F990-4BCC-B538-C00E1656D9D4}.Release|iPhoneSimulator.Build.0 = Release|Any CPU
		{025C760F-F990-4BCC-B538-C00E1656D9D4}.Release|x64.ActiveCfg = Release|Any CPU
		{025C760F-F990-4BCC-B538-C00E1656D9D4}.Release|x64.Build.0 = Release|Any CPU
		{025C760F-F990-4BCC-B538-C00E1656D9D4}.Release|x86.ActiveCfg = Release|Any CPU
		{025C760F-F990-4BCC-B538-C00E1656D9D4}.Release|x86.Build.0 = Release|Any CPU
		{2A52F4EC-93F0-4111-9E1C-44565538C97D}.Debug|Any CPU.ActiveCfg = Debug|Any CPU
		{2A52F4EC-93F0-4111-9E1C-44565538C97D}.Debug|Any CPU.Build.0 = Debug|Any CPU
		{2A52F4EC-93F0-4111-9E1C-44565538C97D}.Debug|ARM.ActiveCfg = Debug|Any CPU
		{2A52F4EC-93F0-4111-9E1C-44565538C97D}.Debug|ARM.Build.0 = Debug|Any CPU
		{2A52F4EC-93F0-4111-9E1C-44565538C97D}.Debug|iPhone.ActiveCfg = Debug|Any CPU
		{2A52F4EC-93F0-4111-9E1C-44565538C97D}.Debug|iPhone.Build.0 = Debug|Any CPU
		{2A52F4EC-93F0-4111-9E1C-44565538C97D}.Debug|iPhoneSimulator.ActiveCfg = Debug|Any CPU
		{2A52F4EC-93F0-4111-9E1C-44565538C97D}.Debug|iPhoneSimulator.Build.0 = Debug|Any CPU
		{2A52F4EC-93F0-4111-9E1C-44565538C97D}.Debug|x64.ActiveCfg = Debug|Any CPU
		{2A52F4EC-93F0-4111-9E1C-44565538C97D}.Debug|x64.Build.0 = Debug|Any CPU
		{2A52F4EC-93F0-4111-9E1C-44565538C97D}.Debug|x86.ActiveCfg = Debug|Any CPU
		{2A52F4EC-93F0-4111-9E1C-44565538C97D}.Debug|x86.Build.0 = Debug|Any CPU
		{2A52F4EC-93F0-4111-9E1C-44565538C97D}.Release|Any CPU.ActiveCfg = Release|Any CPU
		{2A52F4EC-93F0-4111-9E1C-44565538C97D}.Release|Any CPU.Build.0 = Release|Any CPU
		{2A52F4EC-93F0-4111-9E1C-44565538C97D}.Release|ARM.ActiveCfg = Release|Any CPU
		{2A52F4EC-93F0-4111-9E1C-44565538C97D}.Release|ARM.Build.0 = Release|Any CPU
		{2A52F4EC-93F0-4111-9E1C-44565538C97D}.Release|iPhone.ActiveCfg = Release|Any CPU
		{2A52F4EC-93F0-4111-9E1C-44565538C97D}.Release|iPhone.Build.0 = Release|Any CPU
		{2A52F4EC-93F0-4111-9E1C-44565538C97D}.Release|iPhoneSimulator.ActiveCfg = Release|Any CPU
		{2A52F4EC-93F0-4111-9E1C-44565538C97D}.Release|iPhoneSimulator.Build.0 = Release|Any CPU
		{2A52F4EC-93F0-4111-9E1C-44565538C97D}.Release|x64.ActiveCfg = Release|Any CPU
		{2A52F4EC-93F0-4111-9E1C-44565538C97D}.Release|x64.Build.0 = Release|Any CPU
		{2A52F4EC-93F0-4111-9E1C-44565538C97D}.Release|x86.ActiveCfg = Release|Any CPU
		{2A52F4EC-93F0-4111-9E1C-44565538C97D}.Release|x86.Build.0 = Release|Any CPU
		{1A836A73-DF5B-45DF-B796-C907DFD1EE58}.Debug|Any CPU.ActiveCfg = Debug|Any CPU
		{1A836A73-DF5B-45DF-B796-C907DFD1EE58}.Debug|Any CPU.Build.0 = Debug|Any CPU
		{1A836A73-DF5B-45DF-B796-C907DFD1EE58}.Debug|ARM.ActiveCfg = Debug|Any CPU
		{1A836A73-DF5B-45DF-B796-C907DFD1EE58}.Debug|ARM.Build.0 = Debug|Any CPU
		{1A836A73-DF5B-45DF-B796-C907DFD1EE58}.Debug|iPhone.ActiveCfg = Debug|Any CPU
		{1A836A73-DF5B-45DF-B796-C907DFD1EE58}.Debug|iPhone.Build.0 = Debug|Any CPU
		{1A836A73-DF5B-45DF-B796-C907DFD1EE58}.Debug|iPhoneSimulator.ActiveCfg = Debug|Any CPU
		{1A836A73-DF5B-45DF-B796-C907DFD1EE58}.Debug|iPhoneSimulator.Build.0 = Debug|Any CPU
		{1A836A73-DF5B-45DF-B796-C907DFD1EE58}.Debug|x64.ActiveCfg = Debug|Any CPU
		{1A836A73-DF5B-45DF-B796-C907DFD1EE58}.Debug|x64.Build.0 = Debug|Any CPU
		{1A836A73-DF5B-45DF-B796-C907DFD1EE58}.Debug|x86.ActiveCfg = Debug|Any CPU
		{1A836A73-DF5B-45DF-B796-C907DFD1EE58}.Debug|x86.Build.0 = Debug|Any CPU
		{1A836A73-DF5B-45DF-B796-C907DFD1EE58}.Release|Any CPU.ActiveCfg = Release|Any CPU
		{1A836A73-DF5B-45DF-B796-C907DFD1EE58}.Release|Any CPU.Build.0 = Release|Any CPU
		{1A836A73-DF5B-45DF-B796-C907DFD1EE58}.Release|ARM.ActiveCfg = Release|Any CPU
		{1A836A73-DF5B-45DF-B796-C907DFD1EE58}.Release|ARM.Build.0 = Release|Any CPU
		{1A836A73-DF5B-45DF-B796-C907DFD1EE58}.Release|iPhone.ActiveCfg = Release|Any CPU
		{1A836A73-DF5B-45DF-B796-C907DFD1EE58}.Release|iPhone.Build.0 = Release|Any CPU
		{1A836A73-DF5B-45DF-B796-C907DFD1EE58}.Release|iPhoneSimulator.ActiveCfg = Release|Any CPU
		{1A836A73-DF5B-45DF-B796-C907DFD1EE58}.Release|iPhoneSimulator.Build.0 = Release|Any CPU
		{1A836A73-DF5B-45DF-B796-C907DFD1EE58}.Release|x64.ActiveCfg = Release|Any CPU
		{1A836A73-DF5B-45DF-B796-C907DFD1EE58}.Release|x64.Build.0 = Release|Any CPU
		{1A836A73-DF5B-45DF-B796-C907DFD1EE58}.Release|x86.ActiveCfg = Release|Any CPU
		{1A836A73-DF5B-45DF-B796-C907DFD1EE58}.Release|x86.Build.0 = Release|Any CPU
		{72CB17AF-DF40-407F-A999-5B3305048E64}.Debug|Any CPU.ActiveCfg = Debug|Any CPU
		{72CB17AF-DF40-407F-A999-5B3305048E64}.Debug|Any CPU.Build.0 = Debug|Any CPU
		{72CB17AF-DF40-407F-A999-5B3305048E64}.Debug|ARM.ActiveCfg = Debug|Any CPU
		{72CB17AF-DF40-407F-A999-5B3305048E64}.Debug|ARM.Build.0 = Debug|Any CPU
		{72CB17AF-DF40-407F-A999-5B3305048E64}.Debug|iPhone.ActiveCfg = Debug|Any CPU
		{72CB17AF-DF40-407F-A999-5B3305048E64}.Debug|iPhone.Build.0 = Debug|Any CPU
		{72CB17AF-DF40-407F-A999-5B3305048E64}.Debug|iPhoneSimulator.ActiveCfg = Debug|Any CPU
		{72CB17AF-DF40-407F-A999-5B3305048E64}.Debug|iPhoneSimulator.Build.0 = Debug|Any CPU
		{72CB17AF-DF40-407F-A999-5B3305048E64}.Debug|x64.ActiveCfg = Debug|Any CPU
		{72CB17AF-DF40-407F-A999-5B3305048E64}.Debug|x64.Build.0 = Debug|Any CPU
		{72CB17AF-DF40-407F-A999-5B3305048E64}.Debug|x86.ActiveCfg = Debug|Any CPU
		{72CB17AF-DF40-407F-A999-5B3305048E64}.Debug|x86.Build.0 = Debug|Any CPU
		{72CB17AF-DF40-407F-A999-5B3305048E64}.Release|Any CPU.ActiveCfg = Release|Any CPU
		{72CB17AF-DF40-407F-A999-5B3305048E64}.Release|Any CPU.Build.0 = Release|Any CPU
		{72CB17AF-DF40-407F-A999-5B3305048E64}.Release|ARM.ActiveCfg = Release|Any CPU
		{72CB17AF-DF40-407F-A999-5B3305048E64}.Release|ARM.Build.0 = Release|Any CPU
		{72CB17AF-DF40-407F-A999-5B3305048E64}.Release|iPhone.ActiveCfg = Release|Any CPU
		{72CB17AF-DF40-407F-A999-5B3305048E64}.Release|iPhone.Build.0 = Release|Any CPU
		{72CB17AF-DF40-407F-A999-5B3305048E64}.Release|iPhoneSimulator.ActiveCfg = Release|Any CPU
		{72CB17AF-DF40-407F-A999-5B3305048E64}.Release|iPhoneSimulator.Build.0 = Release|Any CPU
		{72CB17AF-DF40-407F-A999-5B3305048E64}.Release|x64.ActiveCfg = Release|Any CPU
		{72CB17AF-DF40-407F-A999-5B3305048E64}.Release|x64.Build.0 = Release|Any CPU
		{72CB17AF-DF40-407F-A999-5B3305048E64}.Release|x86.ActiveCfg = Release|Any CPU
		{72CB17AF-DF40-407F-A999-5B3305048E64}.Release|x86.Build.0 = Release|Any CPU
		{BC5C524F-A9F9-49AD-8F44-3C36559088E1}.Debug|Any CPU.ActiveCfg = Debug|x86
		{BC5C524F-A9F9-49AD-8F44-3C36559088E1}.Debug|ARM.ActiveCfg = Debug|ARM
		{BC5C524F-A9F9-49AD-8F44-3C36559088E1}.Debug|ARM.Build.0 = Debug|ARM
		{BC5C524F-A9F9-49AD-8F44-3C36559088E1}.Debug|ARM.Deploy.0 = Debug|ARM
		{BC5C524F-A9F9-49AD-8F44-3C36559088E1}.Debug|iPhone.ActiveCfg = Debug|x86
		{BC5C524F-A9F9-49AD-8F44-3C36559088E1}.Debug|iPhoneSimulator.ActiveCfg = Debug|x86
		{BC5C524F-A9F9-49AD-8F44-3C36559088E1}.Debug|x64.ActiveCfg = Debug|x64
		{BC5C524F-A9F9-49AD-8F44-3C36559088E1}.Debug|x64.Build.0 = Debug|x64
		{BC5C524F-A9F9-49AD-8F44-3C36559088E1}.Debug|x64.Deploy.0 = Debug|x64
		{BC5C524F-A9F9-49AD-8F44-3C36559088E1}.Debug|x86.ActiveCfg = Debug|x86
		{BC5C524F-A9F9-49AD-8F44-3C36559088E1}.Debug|x86.Build.0 = Debug|x86
		{BC5C524F-A9F9-49AD-8F44-3C36559088E1}.Debug|x86.Deploy.0 = Debug|x86
		{BC5C524F-A9F9-49AD-8F44-3C36559088E1}.Release|Any CPU.ActiveCfg = Release|x86
		{BC5C524F-A9F9-49AD-8F44-3C36559088E1}.Release|ARM.ActiveCfg = Release|ARM
		{BC5C524F-A9F9-49AD-8F44-3C36559088E1}.Release|ARM.Build.0 = Release|ARM
		{BC5C524F-A9F9-49AD-8F44-3C36559088E1}.Release|ARM.Deploy.0 = Release|ARM
		{BC5C524F-A9F9-49AD-8F44-3C36559088E1}.Release|iPhone.ActiveCfg = Release|x86
		{BC5C524F-A9F9-49AD-8F44-3C36559088E1}.Release|iPhoneSimulator.ActiveCfg = Release|x86
		{BC5C524F-A9F9-49AD-8F44-3C36559088E1}.Release|x64.ActiveCfg = Release|x64
		{BC5C524F-A9F9-49AD-8F44-3C36559088E1}.Release|x64.Build.0 = Release|x64
		{BC5C524F-A9F9-49AD-8F44-3C36559088E1}.Release|x64.Deploy.0 = Release|x64
		{BC5C524F-A9F9-49AD-8F44-3C36559088E1}.Release|x86.ActiveCfg = Release|x86
		{BC5C524F-A9F9-49AD-8F44-3C36559088E1}.Release|x86.Build.0 = Release|x86
		{BC5C524F-A9F9-49AD-8F44-3C36559088E1}.Release|x86.Deploy.0 = Release|x86
		{6AAEA827-60B5-4441-9950-113348A83CD9}.Debug|Any CPU.ActiveCfg = Debug|Any CPU
		{6AAEA827-60B5-4441-9950-113348A83CD9}.Debug|Any CPU.Build.0 = Debug|Any CPU
		{6AAEA827-60B5-4441-9950-113348A83CD9}.Debug|Any CPU.Deploy.0 = Debug|Any CPU
		{6AAEA827-60B5-4441-9950-113348A83CD9}.Debug|ARM.ActiveCfg = Debug|Any CPU
		{6AAEA827-60B5-4441-9950-113348A83CD9}.Debug|ARM.Build.0 = Debug|Any CPU
		{6AAEA827-60B5-4441-9950-113348A83CD9}.Debug|ARM.Deploy.0 = Debug|Any CPU
		{6AAEA827-60B5-4441-9950-113348A83CD9}.Debug|iPhone.ActiveCfg = Debug|Any CPU
		{6AAEA827-60B5-4441-9950-113348A83CD9}.Debug|iPhone.Build.0 = Debug|Any CPU
		{6AAEA827-60B5-4441-9950-113348A83CD9}.Debug|iPhone.Deploy.0 = Debug|Any CPU
		{6AAEA827-60B5-4441-9950-113348A83CD9}.Debug|iPhoneSimulator.ActiveCfg = Debug|Any CPU
		{6AAEA827-60B5-4441-9950-113348A83CD9}.Debug|iPhoneSimulator.Build.0 = Debug|Any CPU
		{6AAEA827-60B5-4441-9950-113348A83CD9}.Debug|iPhoneSimulator.Deploy.0 = Debug|Any CPU
		{6AAEA827-60B5-4441-9950-113348A83CD9}.Debug|x64.ActiveCfg = Debug|Any CPU
		{6AAEA827-60B5-4441-9950-113348A83CD9}.Debug|x64.Build.0 = Debug|Any CPU
		{6AAEA827-60B5-4441-9950-113348A83CD9}.Debug|x64.Deploy.0 = Debug|Any CPU
		{6AAEA827-60B5-4441-9950-113348A83CD9}.Debug|x86.ActiveCfg = Debug|Any CPU
		{6AAEA827-60B5-4441-9950-113348A83CD9}.Debug|x86.Build.0 = Debug|Any CPU
		{6AAEA827-60B5-4441-9950-113348A83CD9}.Debug|x86.Deploy.0 = Debug|Any CPU
		{6AAEA827-60B5-4441-9950-113348A83CD9}.Release|Any CPU.ActiveCfg = Release|Any CPU
		{6AAEA827-60B5-4441-9950-113348A83CD9}.Release|Any CPU.Build.0 = Release|Any CPU
		{6AAEA827-60B5-4441-9950-113348A83CD9}.Release|Any CPU.Deploy.0 = Release|Any CPU
		{6AAEA827-60B5-4441-9950-113348A83CD9}.Release|ARM.ActiveCfg = Release|Any CPU
		{6AAEA827-60B5-4441-9950-113348A83CD9}.Release|ARM.Build.0 = Release|Any CPU
		{6AAEA827-60B5-4441-9950-113348A83CD9}.Release|ARM.Deploy.0 = Release|Any CPU
		{6AAEA827-60B5-4441-9950-113348A83CD9}.Release|iPhone.ActiveCfg = Release|Any CPU
		{6AAEA827-60B5-4441-9950-113348A83CD9}.Release|iPhone.Build.0 = Release|Any CPU
		{6AAEA827-60B5-4441-9950-113348A83CD9}.Release|iPhone.Deploy.0 = Release|Any CPU
		{6AAEA827-60B5-4441-9950-113348A83CD9}.Release|iPhoneSimulator.ActiveCfg = Release|Any CPU
		{6AAEA827-60B5-4441-9950-113348A83CD9}.Release|iPhoneSimulator.Build.0 = Release|Any CPU
		{6AAEA827-60B5-4441-9950-113348A83CD9}.Release|iPhoneSimulator.Deploy.0 = Release|Any CPU
		{6AAEA827-60B5-4441-9950-113348A83CD9}.Release|x64.ActiveCfg = Release|Any CPU
		{6AAEA827-60B5-4441-9950-113348A83CD9}.Release|x64.Build.0 = Release|Any CPU
		{6AAEA827-60B5-4441-9950-113348A83CD9}.Release|x64.Deploy.0 = Release|Any CPU
		{6AAEA827-60B5-4441-9950-113348A83CD9}.Release|x86.ActiveCfg = Release|Any CPU
		{6AAEA827-60B5-4441-9950-113348A83CD9}.Release|x86.Build.0 = Release|Any CPU
		{6AAEA827-60B5-4441-9950-113348A83CD9}.Release|x86.Deploy.0 = Release|Any CPU
		{9049B9A0-BEA4-4CE7-B4F9-758B07EE1D97}.Debug|Any CPU.ActiveCfg = Debug|iPhone
		{9049B9A0-BEA4-4CE7-B4F9-758B07EE1D97}.Debug|ARM.ActiveCfg = Debug|iPhone
		{9049B9A0-BEA4-4CE7-B4F9-758B07EE1D97}.Debug|iPhone.ActiveCfg = Debug|iPhone
		{9049B9A0-BEA4-4CE7-B4F9-758B07EE1D97}.Debug|iPhone.Build.0 = Debug|iPhone
		{9049B9A0-BEA4-4CE7-B4F9-758B07EE1D97}.Debug|iPhoneSimulator.ActiveCfg = Debug|iPhoneSimulator
		{9049B9A0-BEA4-4CE7-B4F9-758B07EE1D97}.Debug|iPhoneSimulator.Build.0 = Debug|iPhoneSimulator
		{9049B9A0-BEA4-4CE7-B4F9-758B07EE1D97}.Debug|x64.ActiveCfg = Debug|iPhone
		{9049B9A0-BEA4-4CE7-B4F9-758B07EE1D97}.Debug|x86.ActiveCfg = Debug|iPhone
		{9049B9A0-BEA4-4CE7-B4F9-758B07EE1D97}.Release|Any CPU.ActiveCfg = Release|iPhone
		{9049B9A0-BEA4-4CE7-B4F9-758B07EE1D97}.Release|ARM.ActiveCfg = Release|iPhone
		{9049B9A0-BEA4-4CE7-B4F9-758B07EE1D97}.Release|iPhone.ActiveCfg = Release|iPhone
		{9049B9A0-BEA4-4CE7-B4F9-758B07EE1D97}.Release|iPhone.Build.0 = Release|iPhone
		{9049B9A0-BEA4-4CE7-B4F9-758B07EE1D97}.Release|iPhoneSimulator.ActiveCfg = Release|iPhoneSimulator
		{9049B9A0-BEA4-4CE7-B4F9-758B07EE1D97}.Release|iPhoneSimulator.Build.0 = Release|iPhoneSimulator
		{9049B9A0-BEA4-4CE7-B4F9-758B07EE1D97}.Release|x64.ActiveCfg = Release|iPhone
		{9049B9A0-BEA4-4CE7-B4F9-758B07EE1D97}.Release|x86.ActiveCfg = Release|iPhone
		{B608D6B0-572E-489B-AEE1-28FCA43B483C}.Debug|Any CPU.ActiveCfg = Debug|Any CPU
		{B608D6B0-572E-489B-AEE1-28FCA43B483C}.Debug|Any CPU.Build.0 = Debug|Any CPU
		{B608D6B0-572E-489B-AEE1-28FCA43B483C}.Debug|ARM.ActiveCfg = Debug|Any CPU
		{B608D6B0-572E-489B-AEE1-28FCA43B483C}.Debug|ARM.Build.0 = Debug|Any CPU
		{B608D6B0-572E-489B-AEE1-28FCA43B483C}.Debug|iPhone.ActiveCfg = Debug|Any CPU
		{B608D6B0-572E-489B-AEE1-28FCA43B483C}.Debug|iPhone.Build.0 = Debug|Any CPU
		{B608D6B0-572E-489B-AEE1-28FCA43B483C}.Debug|iPhoneSimulator.ActiveCfg = Debug|Any CPU
		{B608D6B0-572E-489B-AEE1-28FCA43B483C}.Debug|iPhoneSimulator.Build.0 = Debug|Any CPU
		{B608D6B0-572E-489B-AEE1-28FCA43B483C}.Debug|x64.ActiveCfg = Debug|Any CPU
		{B608D6B0-572E-489B-AEE1-28FCA43B483C}.Debug|x64.Build.0 = Debug|Any CPU
		{B608D6B0-572E-489B-AEE1-28FCA43B483C}.Debug|x86.ActiveCfg = Debug|Any CPU
		{B608D6B0-572E-489B-AEE1-28FCA43B483C}.Debug|x86.Build.0 = Debug|Any CPU
		{B608D6B0-572E-489B-AEE1-28FCA43B483C}.Release|Any CPU.ActiveCfg = Release|Any CPU
		{B608D6B0-572E-489B-AEE1-28FCA43B483C}.Release|Any CPU.Build.0 = Release|Any CPU
		{B608D6B0-572E-489B-AEE1-28FCA43B483C}.Release|ARM.ActiveCfg = Release|Any CPU
		{B608D6B0-572E-489B-AEE1-28FCA43B483C}.Release|ARM.Build.0 = Release|Any CPU
		{B608D6B0-572E-489B-AEE1-28FCA43B483C}.Release|iPhone.ActiveCfg = Release|Any CPU
		{B608D6B0-572E-489B-AEE1-28FCA43B483C}.Release|iPhone.Build.0 = Release|Any CPU
		{B608D6B0-572E-489B-AEE1-28FCA43B483C}.Release|iPhoneSimulator.ActiveCfg = Release|Any CPU
		{B608D6B0-572E-489B-AEE1-28FCA43B483C}.Release|iPhoneSimulator.Build.0 = Release|Any CPU
		{B608D6B0-572E-489B-AEE1-28FCA43B483C}.Release|x64.ActiveCfg = Release|Any CPU
		{B608D6B0-572E-489B-AEE1-28FCA43B483C}.Release|x64.Build.0 = Release|Any CPU
		{B608D6B0-572E-489B-AEE1-28FCA43B483C}.Release|x86.ActiveCfg = Release|Any CPU
		{B608D6B0-572E-489B-AEE1-28FCA43B483C}.Release|x86.Build.0 = Release|Any CPU
		{044F4368-39E2-4769-9BD7-1095911A0D20}.Debug|Any CPU.ActiveCfg = Debug|Any CPU
		{044F4368-39E2-4769-9BD7-1095911A0D20}.Debug|Any CPU.Build.0 = Debug|Any CPU
		{044F4368-39E2-4769-9BD7-1095911A0D20}.Debug|ARM.ActiveCfg = Debug|Any CPU
		{044F4368-39E2-4769-9BD7-1095911A0D20}.Debug|ARM.Build.0 = Debug|Any CPU
		{044F4368-39E2-4769-9BD7-1095911A0D20}.Debug|iPhone.ActiveCfg = Debug|Any CPU
		{044F4368-39E2-4769-9BD7-1095911A0D20}.Debug|iPhone.Build.0 = Debug|Any CPU
		{044F4368-39E2-4769-9BD7-1095911A0D20}.Debug|iPhoneSimulator.ActiveCfg = Debug|Any CPU
		{044F4368-39E2-4769-9BD7-1095911A0D20}.Debug|iPhoneSimulator.Build.0 = Debug|Any CPU
		{044F4368-39E2-4769-9BD7-1095911A0D20}.Debug|x64.ActiveCfg = Debug|Any CPU
		{044F4368-39E2-4769-9BD7-1095911A0D20}.Debug|x64.Build.0 = Debug|Any CPU
		{044F4368-39E2-4769-9BD7-1095911A0D20}.Debug|x86.ActiveCfg = Debug|Any CPU
		{044F4368-39E2-4769-9BD7-1095911A0D20}.Debug|x86.Build.0 = Debug|Any CPU
		{044F4368-39E2-4769-9BD7-1095911A0D20}.Release|Any CPU.ActiveCfg = Release|Any CPU
		{044F4368-39E2-4769-9BD7-1095911A0D20}.Release|Any CPU.Build.0 = Release|Any CPU
		{044F4368-39E2-4769-9BD7-1095911A0D20}.Release|ARM.ActiveCfg = Release|Any CPU
		{044F4368-39E2-4769-9BD7-1095911A0D20}.Release|ARM.Build.0 = Release|Any CPU
		{044F4368-39E2-4769-9BD7-1095911A0D20}.Release|iPhone.ActiveCfg = Release|Any CPU
		{044F4368-39E2-4769-9BD7-1095911A0D20}.Release|iPhone.Build.0 = Release|Any CPU
		{044F4368-39E2-4769-9BD7-1095911A0D20}.Release|iPhoneSimulator.ActiveCfg = Release|Any CPU
		{044F4368-39E2-4769-9BD7-1095911A0D20}.Release|iPhoneSimulator.Build.0 = Release|Any CPU
		{044F4368-39E2-4769-9BD7-1095911A0D20}.Release|x64.ActiveCfg = Release|Any CPU
		{044F4368-39E2-4769-9BD7-1095911A0D20}.Release|x64.Build.0 = Release|Any CPU
		{044F4368-39E2-4769-9BD7-1095911A0D20}.Release|x86.ActiveCfg = Release|Any CPU
		{044F4368-39E2-4769-9BD7-1095911A0D20}.Release|x86.Build.0 = Release|Any CPU
		{EAF78494-B30C-4C54-A9B6-5730B4228001}.Debug|Any CPU.ActiveCfg = Debug|Any CPU
		{EAF78494-B30C-4C54-A9B6-5730B4228001}.Debug|Any CPU.Build.0 = Debug|Any CPU
		{EAF78494-B30C-4C54-A9B6-5730B4228001}.Debug|ARM.ActiveCfg = Debug|Any CPU
		{EAF78494-B30C-4C54-A9B6-5730B4228001}.Debug|ARM.Build.0 = Debug|Any CPU
		{EAF78494-B30C-4C54-A9B6-5730B4228001}.Debug|iPhone.ActiveCfg = Debug|Any CPU
		{EAF78494-B30C-4C54-A9B6-5730B4228001}.Debug|iPhone.Build.0 = Debug|Any CPU
		{EAF78494-B30C-4C54-A9B6-5730B4228001}.Debug|iPhoneSimulator.ActiveCfg = Debug|Any CPU
		{EAF78494-B30C-4C54-A9B6-5730B4228001}.Debug|iPhoneSimulator.Build.0 = Debug|Any CPU
		{EAF78494-B30C-4C54-A9B6-5730B4228001}.Debug|x64.ActiveCfg = Debug|Any CPU
		{EAF78494-B30C-4C54-A9B6-5730B4228001}.Debug|x64.Build.0 = Debug|Any CPU
		{EAF78494-B30C-4C54-A9B6-5730B4228001}.Debug|x86.ActiveCfg = Debug|Any CPU
		{EAF78494-B30C-4C54-A9B6-5730B4228001}.Debug|x86.Build.0 = Debug|Any CPU
		{EAF78494-B30C-4C54-A9B6-5730B4228001}.Release|Any CPU.ActiveCfg = Release|Any CPU
		{EAF78494-B30C-4C54-A9B6-5730B4228001}.Release|Any CPU.Build.0 = Release|Any CPU
		{EAF78494-B30C-4C54-A9B6-5730B4228001}.Release|ARM.ActiveCfg = Release|Any CPU
		{EAF78494-B30C-4C54-A9B6-5730B4228001}.Release|ARM.Build.0 = Release|Any CPU
		{EAF78494-B30C-4C54-A9B6-5730B4228001}.Release|iPhone.ActiveCfg = Release|Any CPU
		{EAF78494-B30C-4C54-A9B6-5730B4228001}.Release|iPhone.Build.0 = Release|Any CPU
		{EAF78494-B30C-4C54-A9B6-5730B4228001}.Release|iPhoneSimulator.ActiveCfg = Release|Any CPU
		{EAF78494-B30C-4C54-A9B6-5730B4228001}.Release|iPhoneSimulator.Build.0 = Release|Any CPU
		{EAF78494-B30C-4C54-A9B6-5730B4228001}.Release|x64.ActiveCfg = Release|Any CPU
		{EAF78494-B30C-4C54-A9B6-5730B4228001}.Release|x64.Build.0 = Release|Any CPU
		{EAF78494-B30C-4C54-A9B6-5730B4228001}.Release|x86.ActiveCfg = Release|Any CPU
		{EAF78494-B30C-4C54-A9B6-5730B4228001}.Release|x86.Build.0 = Release|Any CPU
		{37C1D1EF-79B5-4E6D-875E-E5AA489DB1BF}.Debug|Any CPU.ActiveCfg = Debug|Any CPU
		{37C1D1EF-79B5-4E6D-875E-E5AA489DB1BF}.Debug|Any CPU.Build.0 = Debug|Any CPU
		{37C1D1EF-79B5-4E6D-875E-E5AA489DB1BF}.Debug|ARM.ActiveCfg = Debug|Any CPU
		{37C1D1EF-79B5-4E6D-875E-E5AA489DB1BF}.Debug|ARM.Build.0 = Debug|Any CPU
		{37C1D1EF-79B5-4E6D-875E-E5AA489DB1BF}.Debug|iPhone.ActiveCfg = Debug|Any CPU
		{37C1D1EF-79B5-4E6D-875E-E5AA489DB1BF}.Debug|iPhone.Build.0 = Debug|Any CPU
		{37C1D1EF-79B5-4E6D-875E-E5AA489DB1BF}.Debug|iPhoneSimulator.ActiveCfg = Debug|Any CPU
		{37C1D1EF-79B5-4E6D-875E-E5AA489DB1BF}.Debug|iPhoneSimulator.Build.0 = Debug|Any CPU
		{37C1D1EF-79B5-4E6D-875E-E5AA489DB1BF}.Debug|x64.ActiveCfg = Debug|Any CPU
		{37C1D1EF-79B5-4E6D-875E-E5AA489DB1BF}.Debug|x64.Build.0 = Debug|Any CPU
		{37C1D1EF-79B5-4E6D-875E-E5AA489DB1BF}.Debug|x86.ActiveCfg = Debug|Any CPU
		{37C1D1EF-79B5-4E6D-875E-E5AA489DB1BF}.Debug|x86.Build.0 = Debug|Any CPU
		{37C1D1EF-79B5-4E6D-875E-E5AA489DB1BF}.Release|Any CPU.ActiveCfg = Release|Any CPU
		{37C1D1EF-79B5-4E6D-875E-E5AA489DB1BF}.Release|Any CPU.Build.0 = Release|Any CPU
		{37C1D1EF-79B5-4E6D-875E-E5AA489DB1BF}.Release|ARM.ActiveCfg = Release|Any CPU
		{37C1D1EF-79B5-4E6D-875E-E5AA489DB1BF}.Release|ARM.Build.0 = Release|Any CPU
		{37C1D1EF-79B5-4E6D-875E-E5AA489DB1BF}.Release|iPhone.ActiveCfg = Release|Any CPU
		{37C1D1EF-79B5-4E6D-875E-E5AA489DB1BF}.Release|iPhone.Build.0 = Release|Any CPU
		{37C1D1EF-79B5-4E6D-875E-E5AA489DB1BF}.Release|iPhoneSimulator.ActiveCfg = Release|Any CPU
		{37C1D1EF-79B5-4E6D-875E-E5AA489DB1BF}.Release|iPhoneSimulator.Build.0 = Release|Any CPU
		{37C1D1EF-79B5-4E6D-875E-E5AA489DB1BF}.Release|x64.ActiveCfg = Release|Any CPU
		{37C1D1EF-79B5-4E6D-875E-E5AA489DB1BF}.Release|x64.Build.0 = Release|Any CPU
		{37C1D1EF-79B5-4E6D-875E-E5AA489DB1BF}.Release|x86.ActiveCfg = Release|Any CPU
		{37C1D1EF-79B5-4E6D-875E-E5AA489DB1BF}.Release|x86.Build.0 = Release|Any CPU
		{22BAF2E0-9AF6-4ABD-AEF1-D04EF453A3D5}.Debug|Any CPU.ActiveCfg = Debug|Any CPU
		{22BAF2E0-9AF6-4ABD-AEF1-D04EF453A3D5}.Debug|Any CPU.Build.0 = Debug|Any CPU
		{22BAF2E0-9AF6-4ABD-AEF1-D04EF453A3D5}.Debug|ARM.ActiveCfg = Debug|Any CPU
		{22BAF2E0-9AF6-4ABD-AEF1-D04EF453A3D5}.Debug|ARM.Build.0 = Debug|Any CPU
		{22BAF2E0-9AF6-4ABD-AEF1-D04EF453A3D5}.Debug|iPhone.ActiveCfg = Debug|Any CPU
		{22BAF2E0-9AF6-4ABD-AEF1-D04EF453A3D5}.Debug|iPhone.Build.0 = Debug|Any CPU
		{22BAF2E0-9AF6-4ABD-AEF1-D04EF453A3D5}.Debug|iPhoneSimulator.ActiveCfg = Debug|Any CPU
		{22BAF2E0-9AF6-4ABD-AEF1-D04EF453A3D5}.Debug|iPhoneSimulator.Build.0 = Debug|Any CPU
		{22BAF2E0-9AF6-4ABD-AEF1-D04EF453A3D5}.Debug|x64.ActiveCfg = Debug|Any CPU
		{22BAF2E0-9AF6-4ABD-AEF1-D04EF453A3D5}.Debug|x64.Build.0 = Debug|Any CPU
		{22BAF2E0-9AF6-4ABD-AEF1-D04EF453A3D5}.Debug|x86.ActiveCfg = Debug|Any CPU
		{22BAF2E0-9AF6-4ABD-AEF1-D04EF453A3D5}.Debug|x86.Build.0 = Debug|Any CPU
		{22BAF2E0-9AF6-4ABD-AEF1-D04EF453A3D5}.Release|Any CPU.ActiveCfg = Release|Any CPU
		{22BAF2E0-9AF6-4ABD-AEF1-D04EF453A3D5}.Release|Any CPU.Build.0 = Release|Any CPU
		{22BAF2E0-9AF6-4ABD-AEF1-D04EF453A3D5}.Release|ARM.ActiveCfg = Release|Any CPU
		{22BAF2E0-9AF6-4ABD-AEF1-D04EF453A3D5}.Release|ARM.Build.0 = Release|Any CPU
		{22BAF2E0-9AF6-4ABD-AEF1-D04EF453A3D5}.Release|iPhone.ActiveCfg = Release|Any CPU
		{22BAF2E0-9AF6-4ABD-AEF1-D04EF453A3D5}.Release|iPhone.Build.0 = Release|Any CPU
		{22BAF2E0-9AF6-4ABD-AEF1-D04EF453A3D5}.Release|iPhoneSimulator.ActiveCfg = Release|Any CPU
		{22BAF2E0-9AF6-4ABD-AEF1-D04EF453A3D5}.Release|iPhoneSimulator.Build.0 = Release|Any CPU
		{22BAF2E0-9AF6-4ABD-AEF1-D04EF453A3D5}.Release|x64.ActiveCfg = Release|Any CPU
		{22BAF2E0-9AF6-4ABD-AEF1-D04EF453A3D5}.Release|x64.Build.0 = Release|Any CPU
		{22BAF2E0-9AF6-4ABD-AEF1-D04EF453A3D5}.Release|x86.ActiveCfg = Release|Any CPU
		{22BAF2E0-9AF6-4ABD-AEF1-D04EF453A3D5}.Release|x86.Build.0 = Release|Any CPU
	EndGlobalSection
	GlobalSection(SolutionProperties) = preSolution
		HideSolutionNode = FALSE
	EndGlobalSection
	GlobalSection(NestedProjects) = preSolution
		{1EAB2D93-F93F-4166-8E55-777D695461A6} = {2D5C9216-9662-456A-8B81-B7D9B5E3B0CE}
		{3A8AF9FD-4D40-469D-90C2-79B3A1001C9C} = {1EAB2D93-F93F-4166-8E55-777D695461A6}
		{A247036B-9BB9-4372-8AF7-CD2024B2F609} = {1EAB2D93-F93F-4166-8E55-777D695461A6}
		{20488498-392A-4470-98F3-1D675022910B} = {2D5C9216-9662-456A-8B81-B7D9B5E3B0CE}
		{EAEBC32E-C5CB-4C55-A749-E16EEE36FE7A} = {2D5C9216-9662-456A-8B81-B7D9B5E3B0CE}
		{B1AEF586-0C39-441F-B600-8F47F618D9A8} = {2D5C9216-9662-456A-8B81-B7D9B5E3B0CE}
		{6C38F0C7-EEEA-4734-8BA0-C8960659D284} = {ECC333DB-BECE-4E29-AF6B-27B3B24644A4}
		{3FD12458-3D37-48EE-A341-ABB29D41FB6F} = {ECC333DB-BECE-4E29-AF6B-27B3B24644A4}
		{4BFF46AA-7467-47D5-A5FB-4EB40339D13E} = {ECC333DB-BECE-4E29-AF6B-27B3B24644A4}
		{EE2175D2-9406-4E49-AC5D-6B7383F6C1BB} = {ECC333DB-BECE-4E29-AF6B-27B3B24644A4}
		{E2D387B6-4DF7-4EC0-B372-6220B8CC73F6} = {ECC333DB-BECE-4E29-AF6B-27B3B24644A4}
		{5161E359-133E-40A3-AB3B-AC6DA937B18D} = {ECC333DB-BECE-4E29-AF6B-27B3B24644A4}
		{17C6C6FF-5C98-4842-BA8F-5B5B1CC946CB} = {3FD12458-3D37-48EE-A341-ABB29D41FB6F}
		{6E1F77B9-F9C8-4C3E-A2BB-1F1708DFAAF3} = {3FD12458-3D37-48EE-A341-ABB29D41FB6F}
		{DE2E3704-7BA2-44A7-9849-FE60E99CFECF} = {3FD12458-3D37-48EE-A341-ABB29D41FB6F}
		{3E61F485-2A89-44CD-8903-A104DF5F714C} = {3FD12458-3D37-48EE-A341-ABB29D41FB6F}
		{15BA9CE7-A1B6-48FE-B7D3-B9348F405819} = {3FD12458-3D37-48EE-A341-ABB29D41FB6F}
		{6467E581-9304-4B48-9AD7-E07849846F17} = {3FD12458-3D37-48EE-A341-ABB29D41FB6F}
		{2A66424E-1EA0-469A-A53C-8B3CD8823F71} = {3FD12458-3D37-48EE-A341-ABB29D41FB6F}
		{C508312E-FDE0-44EE-B412-0AD636404B13} = {1EAB2D93-F93F-4166-8E55-777D695461A6}
		{5DEC6609-14C3-4C2D-A069-5BB190CFF07E} = {C508312E-FDE0-44EE-B412-0AD636404B13}
		{CE0EE0EF-AE3C-4F5C-8C74-E51FAD70D23C} = {EE2175D2-9406-4E49-AC5D-6B7383F6C1BB}
		{A6CA330F-C16C-4D5F-A62B-9B41A470D975} = {EE2175D2-9406-4E49-AC5D-6B7383F6C1BB}
		{ABF714B2-818F-47AA-8812-2F5B44B3DCBC} = {EE2175D2-9406-4E49-AC5D-6B7383F6C1BB}
		{EC838E33-BDDE-4720-97E2-89D108684F3F} = {A6CA330F-C16C-4D5F-A62B-9B41A470D975}
		{E7EEDA1B-FF59-445F-8CE8-8BCB9136807F} = {5007DD85-B4BF-4D40-8E10-E8D8D12558DF}
		{355E273C-81C6-4063-A06D-D24B93C05B87} = {5007DD85-B4BF-4D40-8E10-E8D8D12558DF}
		{D642ED58-9D78-4EFF-85CC-5F3A98B43F32} = {5007DD85-B4BF-4D40-8E10-E8D8D12558DF}
		{785D909B-0D77-4B4E-8071-BA8B4B5EF772} = {ECC333DB-BECE-4E29-AF6B-27B3B24644A4}
		{2555667B-F33E-409D-8ED3-DDC1C866B806} = {ECC333DB-BECE-4E29-AF6B-27B3B24644A4}
		{E3062449-3E52-4EEE-B6E5-4A67EB808C54} = {EADB1348-85CA-4931-BB51-03D2D95B8269}
		{8AF7E622-E526-46CE-9764-DA7475AAE97F} = {7D8584CB-A815-47B1-9D60-2FFE753332E0}
		{025C760F-F990-4BCC-B538-C00E1656D9D4} = {ABF714B2-818F-47AA-8812-2F5B44B3DCBC}
		{C280F51A-719A-4155-86C5-BF3A313605F7} = {785D909B-0D77-4B4E-8071-BA8B4B5EF772}
		{EADB1348-85CA-4931-BB51-03D2D95B8269} = {785D909B-0D77-4B4E-8071-BA8B4B5EF772}
		{F6EFB2E8-B6E0-43D0-889B-BE6DCD7B7E42} = {785D909B-0D77-4B4E-8071-BA8B4B5EF772}
		{2A52F4EC-93F0-4111-9E1C-44565538C97D} = {F6EFB2E8-B6E0-43D0-889B-BE6DCD7B7E42}
		{F52173B3-8B33-4685-A9B8-03C98D805EE9} = {2555667B-F33E-409D-8ED3-DDC1C866B806}
		{7D8584CB-A815-47B1-9D60-2FFE753332E0} = {2555667B-F33E-409D-8ED3-DDC1C866B806}
		{1E746712-02D9-4EE3-9649-108DF577DFFD} = {2555667B-F33E-409D-8ED3-DDC1C866B806}
		{1A836A73-DF5B-45DF-B796-C907DFD1EE58} = {1E746712-02D9-4EE3-9649-108DF577DFFD}
		{72CB17AF-DF40-407F-A999-5B3305048E64} = {CE0EE0EF-AE3C-4F5C-8C74-E51FAD70D23C}
		{BC5C524F-A9F9-49AD-8F44-3C36559088E1} = {3A8AF9FD-4D40-469D-90C2-79B3A1001C9C}
		{6AAEA827-60B5-4441-9950-113348A83CD9} = {3A8AF9FD-4D40-469D-90C2-79B3A1001C9C}
		{9049B9A0-BEA4-4CE7-B4F9-758B07EE1D97} = {3A8AF9FD-4D40-469D-90C2-79B3A1001C9C}
		{B608D6B0-572E-489B-AEE1-28FCA43B483C} = {3A8AF9FD-4D40-469D-90C2-79B3A1001C9C}
		{044F4368-39E2-4769-9BD7-1095911A0D20} = {EAEBC32E-C5CB-4C55-A749-E16EEE36FE7A}
		{EAF78494-B30C-4C54-A9B6-5730B4228001} = {B1AEF586-0C39-441F-B600-8F47F618D9A8}
		{37C1D1EF-79B5-4E6D-875E-E5AA489DB1BF} = {20488498-392A-4470-98F3-1D675022910B}
		{22BAF2E0-9AF6-4ABD-AEF1-D04EF453A3D5} = {A247036B-9BB9-4372-8AF7-CD2024B2F609}
	EndGlobalSection
	GlobalSection(ExtensibilityGlobals) = postSolution
		SolutionGuid = {E331B60C-4F50-4A86-B489-2EB302A41B5F}
	EndGlobalSection
EndGlobal
